
Microsoft Visual Studio Solution File, Format Version 11.00
# Visual Studio 2010
Project("{2150E333-8FDC-42A3-9474-1A3956D46DE8}") = "Editor Core", "Editor Core", "{720E8958-2E54-4686-BB42-250F452BEA76}"
EndProject
Project("{2150E333-8FDC-42A3-9474-1A3956D46DE8}") = "Engine", "Engine", "{17F0B481-4B9F-4B78-AB63-BB047B34528C}"
EndProject
Project("{2150E333-8FDC-42A3-9474-1A3956D46DE8}") = "Product", "Product", "{9187438F-9672-43A7-830A-6A537C296DD3}"
EndProject
Project("{2150E333-8FDC-42A3-9474-1A3956D46DE8}") = "SDK", "SDK", "{A434B7E5-9030-4BF6-812A-AAC0D4EDAD9D}"
EndProject
Project("{2150E333-8FDC-42A3-9474-1A3956D46DE8}") = "Tool", "Tool", "{AF887971-E0A0-498C-8299-B5F95C15621E}"
EndProject
Project("{FAE04EC0-301F-11D3-BF4B-00C04F79EFBC}") = "RealTest", "Lofinil.GameSDK.Client.RealTest\RealTest.csproj", "{0B98785A-99B4-40D1-B2AB-25BD75D59366}"
EndProject
Project("{FAE04EC0-301F-11D3-BF4B-00C04F79EFBC}") = "NetRefTool", "Lofinil.GameSDK.Client.NetRefTool\NetRefTool.csproj", "{DB137D11-F75A-405D-8440-98A3874EF0A8}"
EndProject
Project("{FAE04EC0-301F-11D3-BF4B-00C04F79EFBC}") = "Lofinil.GameSDK.Editor.Architecture", "Lofinil.GameSDK.Editor\Lofinil.GameSDK.Editor.Architecture.csproj", "{EB25DD64-E98C-4C49-B47E-312C3A48E731}"
EndProject
Project("{FAE04EC0-301F-11D3-BF4B-00C04F79EFBC}") = "Lofinil.GameSDK.Engine", "Lofinil.GameSDK.Engine\Lofinil.GameSDK.Engine.csproj", "{1F0BBD06-A1F5-4B4C-9042-CA77EACD29B5}"
EndProject
Project("{FAE04EC0-301F-11D3-BF4B-00C04F79EFBC}") = "Lofinil.GameSDK.Engine.Adventure", "Lofinil.GameSDK.Engine.AVGEngine\Lofinil.GameSDK.Engine.Adventure.csproj", "{34893445-8839-4D8D-944B-C0013AA93AB7}"
EndProject
Project("{FAE04EC0-301F-11D3-BF4B-00C04F79EFBC}") = "Lofinil.GameSDK.Engine.GUI", "Lofinil.GameSDK.Engine.GUI\Lofinil.GameSDK.Engine.GUI.csproj", "{84C41563-4AA6-4F4D-92D2-D5D4317A26E0}"
EndProject
Project("{FAE04EC0-301F-11D3-BF4B-00C04F79EFBC}") = "Lofinil.GameSDK.Engine.Physics", "Lofinil.GameSDK.Engine.PhyEngine\Lofinil.GameSDK.Engine.Physics.csproj", "{EB835DB4-EBF4-4B4A-976F-0AE746C6AA6B}"
EndProject
Project("{FAE04EC0-301F-11D3-BF4B-00C04F79EFBC}") = "Lofinil.GameSDK.Engine.Tile", "Lofinil.GameSDK.Engine.TileEngine\Lofinil.GameSDK.Engine.Tile.csproj", "{F84DAE69-327C-4509-B39A-F2BFB36CADA3}"
EndProject
Project("{FAE04EC0-301F-11D3-BF4B-00C04F79EFBC}") = "FontProcessor", "Lofinil.GameSDK.ContentPipeline.FontProcessor\FontProcessor.csproj", "{11724993-5C7B-487B-82FB-B1B2E7128A98}"
EndProject
Project("{FAE04EC0-301F-11D3-BF4B-00C04F79EFBC}") = "Lofinil.GameSDK.WinControl", "Lofinil.GameSDK.WinControl\Lofinil.GameSDK.WinControl.csproj", "{05DC9D27-01C3-4F7A-AD54-5A2DADE35E1F}"
EndProject
Project("{FAE04EC0-301F-11D3-BF4B-00C04F79EFBC}") = "LofiGames.BreakOut", "Lofinil.Product.BreakOut\LofiGames.BreakOut.csproj", "{548AE6F0-5D6C-4053-809C-2E3A974C6D55}"
EndProject
Project("{FAE04EC0-301F-11D3-BF4B-00C04F79EFBC}") = "LofiGames.BreakOutMario", "Lofinil.Product.BreakOutMario\LofiGames.BreakOutMario.csproj", "{6F94CE46-3631-4F1E-A878-125F0A8CA98E}"
EndProject
Project("{FAE04EC0-301F-11D3-BF4B-00C04F79EFBC}") = "LofiGames.NorthIsland", "Lofinil.Product.NorthIsland\LofiGames.NorthIsland.csproj", "{3BC4EE53-CD83-46AF-8E51-D50ACAA9C97C}"
EndProject
Project("{FAE04EC0-301F-11D3-BF4B-00C04F79EFBC}") = "Lofinil.GameSDK.Editor.Shell", "Lofinil.GameSDK.LofiEditor\Lofinil.GameSDK.Editor.Shell.csproj", "{40264B24-8704-44CF-A02E-B5FB1998F94D}"
EndProject
Project("{54435603-DBB4-11D2-8724-00A0C9A8B90C}") = "LofiEditorInstaller", "LofiEditorInstaller\LofiEditorInstaller.vdproj", "{45285255-D5B4-483C-8CF7-75F5E59E496A}"
EndProject
Project("{FAE04EC0-301F-11D3-BF4B-00C04F79EFBC}") = "Lofinil.GameSDK.LofiEditor_XNA", "Lofinil.GameSDK.LofiEditor_XNA\Lofinil.GameSDK.LofiEditor_XNA.csproj", "{BE40A20F-C5BC-437E-A2AC-DC36969F04CB}"
EndProject
Project("{FAE04EC0-301F-11D3-BF4B-00C04F79EFBC}") = "Lofinil.Architecture", "Lofinil.Architecture\Lofinil.Architecture.csproj", "{19E2AB0E-F534-4FA9-9F6C-38B39ABDDB39}"
EndProject
Project("{FAE04EC0-301F-11D3-BF4B-00C04F79EFBC}") = "Lofinil.GameSDK.Editor.Module.Wizard", "Lofinil.GameSDK.Editor.WizardModule.Winform\Lofinil.GameSDK.Editor.Module.Wizard.csproj", "{1BF1186A-6CB4-4100-AD06-A8FA1462CF86}"
EndProject
Project("{FAE04EC0-301F-11D3-BF4B-00C04F79EFBC}") = "Lofinil.GameSDK.Editor.Module.OperatePattern", "Lofinil.GameSDK.Editor.Module.OperatePattern\Lofinil.GameSDK.Editor.Module.OperatePattern.csproj", "{FA162A67-6140-4489-806A-FB75053EE6C5}"
EndProject
Project("{2150E333-8FDC-42A3-9474-1A3956D46DE8}") = "Utility", "Utility", "{6DF0DE60-1859-45A2-AE35-9E2A9350AE9E}"
EndProject
Project("{FAE04EC0-301F-11D3-BF4B-00C04F79EFBC}") = "Lofinil.NETUtilityLib", "Lofinil.NETUtilityLib\Lofinil.NETUtilityLib.csproj", "{7705A363-5D11-4E57-A951-A571AE1EA431}"
EndProject
Project("{FAE04EC0-301F-11D3-BF4B-00C04F79EFBC}") = "Lofinil.GameSDK.Editor.Module.Project", "Lofinil.GameSDK.Editor.Module.Project\Lofinil.GameSDK.Editor.Module.Project.csproj", "{D3E34226-A255-4954-A5D3-BED2370C4535}"
EndProject
Project("{FAE04EC0-301F-11D3-BF4B-00C04F79EFBC}") = "Lofinil.GameSDK.Editor.Module.Menu", "Lofinil.GameSDK.Editor.Module.Menu\Lofinil.GameSDK.Editor.Module.Menu.csproj", "{6FFBEB1A-ECC3-4781-B5E6-98E44086BBF0}"
EndProject
Project("{FAE04EC0-301F-11D3-BF4B-00C04F79EFBC}") = "Lofinil.GameSDK.Editor.Module.Stage", "Lofinil.GameSDK.Editor.Module.Stage\Lofinil.GameSDK.Editor.Module.Stage.csproj", "{4D994C1C-94C0-4BAF-827D-E0902FFE8848}"
EndProject
Project("{FAE04EC0-301F-11D3-BF4B-00C04F79EFBC}") = "Lofinil.GameSDK.Editor.Module.ToolBox", "Lofinil.GameSDK.Editor.Module.ToolBox\Lofinil.GameSDK.Editor.Module.ToolBox.csproj", "{8A783945-F28B-45B0-89AC-CD2BB9DFD029}"
EndProject
Project("{FAE04EC0-301F-11D3-BF4B-00C04F79EFBC}") = "Lofinil.GameSDK.Editor.Module.ResourceSet", "Lofinil.GameSDK.Editor.Module.ResourceSet\Lofinil.GameSDK.Editor.Module.ResourceSet.csproj", "{6BB3AC16-F381-436F-8F2E-DE82201CF8FA}"
EndProject
Project("{FAE04EC0-301F-11D3-BF4B-00C04F79EFBC}") = "Lofinil.GameSDK.Editor.Module.ContentPipeline", "Lofinil.GameSDK.Editor.Module.ContentPipelineGUI\Lofinil.GameSDK.Editor.Module.ContentPipeline.csproj", "{B76D6647-7460-4514-8F90-E7A00C9A8338}"
EndProject
Project("{2150E333-8FDC-42A3-9474-1A3956D46DE8}") = "Editor Modules", "Editor Modules", "{98D7A2A9-FDF6-4E17-85FC-C06BFABE4A59}"
EndProject
Project("{2150E333-8FDC-42A3-9474-1A3956D46DE8}") = "Editor Plugins", "Editor Plugins", "{61FF163E-2759-4B1D-AD97-D9F6F1AA992F}"
	ProjectSection(SolutionItems) = preProject
		Lofinil.GameSDK.Editor.Module.ToolBox\ToolBoxModule.cs = Lofinil.GameSDK.Editor.Module.ToolBox\ToolBoxModule.cs
	EndProjectSection
EndProject
Project("{FAE04EC0-301F-11D3-BF4B-00C04F79EFBC}") = "Lofinil.GameSDK.Editor.Plugin.ClonePattern", "Lofinil.GameSDK.Editor.Plugin.ClonePattern\Lofinil.GameSDK.Editor.Plugin.ClonePattern.csproj", "{C8BDC4F8-19C4-4AD4-90D2-DAAEE32768B3}"
EndProject
Project("{FAE04EC0-301F-11D3-BF4B-00C04F79EFBC}") = "Lofinil.GameSDK.Editor.Plugin.CreateSpritePattern", "Lofinil.GameSDK.Editor.Plugin.CreateSpritePattern\Lofinil.GameSDK.Editor.Plugin.CreateSpritePattern.csproj", "{7BD3941C-51A5-4776-8BAB-48499E38C621}"
EndProject
Project("{FAE04EC0-301F-11D3-BF4B-00C04F79EFBC}") = "Lofinil.GameSDK.Editor.Plugin.DropperPattern", "Lofinil.GameSDK.Editor.Plugin.DropperPattern\Lofinil.GameSDK.Editor.Plugin.DropperPattern.csproj", "{337ADA93-0ECE-4983-9433-FCB142C3CBDA}"
EndProject
Project("{FAE04EC0-301F-11D3-BF4B-00C04F79EFBC}") = "Lofinil.GameSDK.Editor.Plugin.ErasePattern", "Lofinil.GameSDK.Editor.Plugin.ErasePattern\Lofinil.GameSDK.Editor.Plugin.ErasePattern.csproj", "{14BE01EE-9981-4DB3-B3E2-04F4E7E23403}"
EndProject
Project("{FAE04EC0-301F-11D3-BF4B-00C04F79EFBC}") = "Lofinil.GameSDK.Editor.Plugin.NavigatePattern", "Lofinil.GameSDK.Editor.Plugin.NavigatePattern\Lofinil.GameSDK.Editor.Plugin.NavigatePattern.csproj", "{51ED886B-2D94-4936-9227-CE67D70F9206}"
EndProject
Project("{FAE04EC0-301F-11D3-BF4B-00C04F79EFBC}") = "Lofinil.GameSDK.Editor.Plugin.TransformPattern", "Lofinil.GameSDK.Editor.Plugin.TransformPattern\Lofinil.GameSDK.Editor.Plugin.TransformPattern.csproj", "{94DD7841-CB9C-4E22-BD4E-FFD713D69831}"
EndProject
Project("{FAE04EC0-301F-11D3-BF4B-00C04F79EFBC}") = "Lofinil.GameSDK.Editor.Plugin.SelectPattern", "Lofinil.GameSDK.Editor.Plugin.SelectPattern\Lofinil.GameSDK.Editor.Plugin.SelectPattern.csproj", "{98C5CE56-895F-43B8-8AC4-4CE7FEEED315}"
EndProject
Project("{FAE04EC0-301F-11D3-BF4B-00C04F79EFBC}") = "Lofinil.GameSDK.Editor.Plugin.CreateProjectWizard", "Lofinil.GameSDK.Editor.Plugin.CreateProjectWizard\Lofinil.GameSDK.Editor.Plugin.CreateProjectWizard.csproj", "{EE96A325-A6C4-4372-B635-15F60A3636C8}"
EndProject
Project("{FAE04EC0-301F-11D3-BF4B-00C04F79EFBC}") = "Lofinil.GameSDK.Editor.Plugin.CreateStageWizard", "Lofinil.GameSDK.Editor.Plugin.CreateStageWizard\Lofinil.GameSDK.Editor.Plugin.CreateStageWizard.csproj", "{49AC1CCD-1DDE-4A77-A71D-D9B056D908A5}"
EndProject
Project("{2150E333-8FDC-42A3-9474-1A3956D46DE8}") = "OperatePattern", "OperatePattern", "{D9010645-AC24-40F2-8C6C-8380B8A4448D}"
EndProject
Project("{2150E333-8FDC-42A3-9474-1A3956D46DE8}") = "Wizard", "Wizard", "{8727347E-1400-4AC7-85F1-EE0015876E27}"
EndProject
Project("{2150E333-8FDC-42A3-9474-1A3956D46DE8}") = "ContentPipeline", "ContentPipeline", "{C73DD58C-2250-4F28-8632-4F5B06061B50}"
EndProject
Project("{FAE04EC0-301F-11D3-BF4B-00C04F79EFBC}") = "Lofinil.GameSDK.Editor.Plugin.XNAContentPipeline", "Lofinil.GameSDK.Editor.Plugin.XNAContentPipeline\Lofinil.GameSDK.Editor.Plugin.XNAContentPipeline.csproj", "{CA228B5E-4172-4828-8A68-6BC06BBA9D1F}"
EndProject
Project("{FAE04EC0-301F-11D3-BF4B-00C04F79EFBC}") = "Lofinil.GameSDK.Editor.Module.PropertyEditor", "Lofinil.GameSDK.Editor.Module.PropertyEditor\Lofinil.GameSDK.Editor.Module.PropertyEditor.csproj", "{CC9E0B13-ACF6-413B-B14C-ADE1DAF66836}"
EndProject
Project("{FAE04EC0-301F-11D3-BF4B-00C04F79EFBC}") = "Lofinil.FormsLib", "Lofinil.FormsLib\Lofinil.FormsLib.csproj", "{E6F6B79A-DB11-4CB3-A967-96F0957874A4}"
EndProject
Project("{FAE04EC0-301F-11D3-BF4B-00C04F79EFBC}") = "Lofinil.GameSDK.Editor.Module.Trigger", "Lofinil.GameSDK.Editor.Module.Trigger\Lofinil.GameSDK.Editor.Module.Trigger.csproj", "{336BDE79-2E18-4E1A-9D29-586979961E70}"
EndProject
Project("{FAE04EC0-301F-11D3-BF4B-00C04F79EFBC}") = "Lofinil.GameSDK.Editor.Interception", "Lofinil.GameSDK.Editor.Interception\Lofinil.GameSDK.Editor.Interception.csproj", "{59BBCDAA-765F-4829-9F53-41A8F162EF89}"
EndProject
Project("{FAE04EC0-301F-11D3-BF4B-00C04F79EFBC}") = "Lofinil.GameSDK.Editor.Module.StatusBar", "Lofinil.GameSDK.Editor.Module.StatusBar\Lofinil.GameSDK.Editor.Module.StatusBar.csproj", "{A92405F1-C7C5-4CFB-9CE5-CC4EBEC750C8}"
EndProject
Project("{FAE04EC0-301F-11D3-BF4B-00C04F79EFBC}") = "Lofinil.GameSDK.Editor.Module.Process", "Lofinil.GameSDK.Editor.Module.Process\Lofinil.GameSDK.Editor.Module.Process.csproj", "{41E9B3DB-35C1-4938-A3B0-B7DBD7AA3CE9}"
EndProject
Project("{FAE04EC0-301F-11D3-BF4B-00C04F79EFBC}") = "Lofinil.GameSDK.Editor.SharedRes", "Lofinil.GameSDK.Editor.SharedRes\Lofinil.GameSDK.Editor.SharedRes.csproj", "{A1AA1526-DA15-47D7-99F5-3D13528669EA}"
EndProject
Project("{2150E333-8FDC-42A3-9474-1A3956D46DE8}") = "Present", "Present", "{54234C45-717F-489A-8F0D-1CEB6D82A4AA}"
EndProject
Project("{2150E333-8FDC-42A3-9474-1A3956D46DE8}") = "Formation", "Formation", "{42AF9078-819A-4497-835E-3D09DB2713DA}"
EndProject
Project("{2150E333-8FDC-42A3-9474-1A3956D46DE8}") = "Common", "Common", "{34B1EF92-732F-43A0-AA07-9A2482907CA4}"
EndProject
Project("{2150E333-8FDC-42A3-9474-1A3956D46DE8}") = "Custom", "Custom", "{5673A046-0908-413B-9147-0E8C11AE2804}"
EndProject
Project("{FAE04EC0-301F-11D3-BF4B-00C04F79EFBC}") = "Lofinil.GameSDK.Editor.Module.FormView", "Lofinil.GameSDK.Editor.Module.FormView\Lofinil.GameSDK.Editor.Module.FormView.csproj", "{D5CC6A29-0C9D-4DAC-A4A9-E64E97C6F606}"
EndProject
Project("{FAE04EC0-301F-11D3-BF4B-00C04F79EFBC}") = "Lofinil.GameSDK.Editor.Module.View", "Lofinil.GameSDK.Editor.Module.View\Lofinil.GameSDK.Editor.Module.View.csproj", "{3729816B-F441-414E-B305-CBEE446857E8}"
EndProject
Project("{FAE04EC0-301F-11D3-BF4B-00C04F79EFBC}") = "Lofinil.GameSDK.Editor.Module.FormMenu", "Lofinil.GameSDK.Editor.Module.FormMenu\Lofinil.GameSDK.Editor.Module.FormMenu.csproj", "{719C0C2F-8F49-4CA7-9E6A-7D3A81BD09A4}"
EndProject
Project("{FAE04EC0-301F-11D3-BF4B-00C04F79EFBC}") = "Lofinil.GameSDK.Editor.Module.FormToolBox", "Lofinil.GameSDK.Editor.Module.FormToolBox\Lofinil.GameSDK.Editor.Module.FormToolBox.csproj", "{6755930A-8849-44CE-94E6-F2C1F41028ED}"
EndProject
Project("{FAE04EC0-301F-11D3-BF4B-00C04F79EFBC}") = "Lofinil.GameSDK.Editor.Module.FormStage", "Lofinil.GameSDK.Editor.Module.FormStage\Lofinil.GameSDK.Editor.Module.FormStage.csproj", "{823A2833-7EE1-41FB-8385-C6F078EEC80E}"
EndProject
Project("{FAE04EC0-301F-11D3-BF4B-00C04F79EFBC}") = "Lofinil.GameSDK.Editor.Module.FormResource", "Lofinil.GameSDK.Editor.Module.FormResource\Lofinil.GameSDK.Editor.Module.FormResource.csproj", "{413DB9E9-547A-4904-B3E5-2057B3F3DC65}"
EndProject
Project("{FAE04EC0-301F-11D3-BF4B-00C04F79EFBC}") = "Lofinil.GameSDK.Editor.Module.Component", "Lofinil.GameSDK.Editor.Module.Component\Lofinil.GameSDK.Editor.Module.Component.csproj", "{A5D3524B-5160-42E1-8EB3-C7A99975C9FE}"
EndProject
Project("{FAE04EC0-301F-11D3-BF4B-00C04F79EFBC}") = "Lofinil.GameSDK.Editor.Module.FormComponent", "Lofinil.GameSDK.Editor.Module.FormComponent\Lofinil.GameSDK.Editor.Module.FormComponent.csproj", "{0D677251-7799-48F5-8D46-4FBDE7BFFA84}"
EndProject
Project("{2150E333-8FDC-42A3-9474-1A3956D46DE8}") = "Tools", "Tools", "{D4F5BABD-FA32-40B5-B8D0-699FA22F28D3}"
EndProject
Project("{FAE04EC0-301F-11D3-BF4B-00C04F79EFBC}") = "Lofinil.GameSDK.Editor.Plugin.CreationTool", "Lofinil.GameSDK.Editor.Plugin.CreationTool\Lofinil.GameSDK.Editor.Plugin.CreationTool.csproj", "{A3132AC9-42B2-4F39-B20B-4F17E3DBAA77}"
EndProject
Project("{FAE04EC0-301F-11D3-BF4B-00C04F79EFBC}") = "Lofinil.GameSDK.Editor.Module.FormProject", "Lofinil.GameSDK.Editor.Module.FormProject\Lofinil.GameSDK.Editor.Module.FormProject.csproj", "{634E337B-412F-42DD-A900-A9C99CED2E27}"
EndProject
Global
	GlobalSection(SolutionConfigurationPlatforms) = preSolution
		Debug|Any CPU = Debug|Any CPU
		Debug|Mixed Platforms = Debug|Mixed Platforms
		Debug|x86 = Debug|x86
		Debug|Xbox 360 = Debug|Xbox 360
		Release|Any CPU = Release|Any CPU
		Release|Mixed Platforms = Release|Mixed Platforms
		Release|x86 = Release|x86
		Release|Xbox 360 = Release|Xbox 360
	EndGlobalSection
	GlobalSection(ProjectConfigurationPlatforms) = postSolution
		{0B98785A-99B4-40D1-B2AB-25BD75D59366}.Debug|Any CPU.ActiveCfg = Debug|x86
		{0B98785A-99B4-40D1-B2AB-25BD75D59366}.Debug|Mixed Platforms.ActiveCfg = Debug|x86
		{0B98785A-99B4-40D1-B2AB-25BD75D59366}.Debug|Mixed Platforms.Build.0 = Debug|x86
		{0B98785A-99B4-40D1-B2AB-25BD75D59366}.Debug|x86.ActiveCfg = Debug|x86
		{0B98785A-99B4-40D1-B2AB-25BD75D59366}.Debug|x86.Build.0 = Debug|x86
		{0B98785A-99B4-40D1-B2AB-25BD75D59366}.Debug|Xbox 360.ActiveCfg = Debug|x86
		{0B98785A-99B4-40D1-B2AB-25BD75D59366}.Release|Any CPU.ActiveCfg = Release|x86
		{0B98785A-99B4-40D1-B2AB-25BD75D59366}.Release|Mixed Platforms.ActiveCfg = Release|x86
		{0B98785A-99B4-40D1-B2AB-25BD75D59366}.Release|Mixed Platforms.Build.0 = Release|x86
		{0B98785A-99B4-40D1-B2AB-25BD75D59366}.Release|x86.ActiveCfg = Release|x86
		{0B98785A-99B4-40D1-B2AB-25BD75D59366}.Release|x86.Build.0 = Release|x86
		{0B98785A-99B4-40D1-B2AB-25BD75D59366}.Release|Xbox 360.ActiveCfg = Release|x86
		{DB137D11-F75A-405D-8440-98A3874EF0A8}.Debug|Any CPU.ActiveCfg = Debug|x86
		{DB137D11-F75A-405D-8440-98A3874EF0A8}.Debug|Mixed Platforms.ActiveCfg = Debug|x86
		{DB137D11-F75A-405D-8440-98A3874EF0A8}.Debug|Mixed Platforms.Build.0 = Debug|x86
		{DB137D11-F75A-405D-8440-98A3874EF0A8}.Debug|x86.ActiveCfg = Debug|x86
		{DB137D11-F75A-405D-8440-98A3874EF0A8}.Debug|x86.Build.0 = Debug|x86
		{DB137D11-F75A-405D-8440-98A3874EF0A8}.Debug|Xbox 360.ActiveCfg = Debug|x86
		{DB137D11-F75A-405D-8440-98A3874EF0A8}.Release|Any CPU.ActiveCfg = Release|x86
		{DB137D11-F75A-405D-8440-98A3874EF0A8}.Release|Mixed Platforms.ActiveCfg = Release|x86
		{DB137D11-F75A-405D-8440-98A3874EF0A8}.Release|Mixed Platforms.Build.0 = Release|x86
		{DB137D11-F75A-405D-8440-98A3874EF0A8}.Release|x86.ActiveCfg = Release|x86
		{DB137D11-F75A-405D-8440-98A3874EF0A8}.Release|x86.Build.0 = Release|x86
		{DB137D11-F75A-405D-8440-98A3874EF0A8}.Release|Xbox 360.ActiveCfg = Release|x86
		{EB25DD64-E98C-4C49-B47E-312C3A48E731}.Debug|Any CPU.ActiveCfg = Debug|x86
		{EB25DD64-E98C-4C49-B47E-312C3A48E731}.Debug|Mixed Platforms.ActiveCfg = Debug|x86
		{EB25DD64-E98C-4C49-B47E-312C3A48E731}.Debug|Mixed Platforms.Build.0 = Debug|x86
		{EB25DD64-E98C-4C49-B47E-312C3A48E731}.Debug|x86.ActiveCfg = Debug|x86
		{EB25DD64-E98C-4C49-B47E-312C3A48E731}.Debug|x86.Build.0 = Debug|x86
		{EB25DD64-E98C-4C49-B47E-312C3A48E731}.Debug|Xbox 360.ActiveCfg = Debug|x86
		{EB25DD64-E98C-4C49-B47E-312C3A48E731}.Release|Any CPU.ActiveCfg = Release|x86
		{EB25DD64-E98C-4C49-B47E-312C3A48E731}.Release|Mixed Platforms.ActiveCfg = Release|x86
		{EB25DD64-E98C-4C49-B47E-312C3A48E731}.Release|Mixed Platforms.Build.0 = Release|x86
		{EB25DD64-E98C-4C49-B47E-312C3A48E731}.Release|x86.ActiveCfg = Release|x86
		{EB25DD64-E98C-4C49-B47E-312C3A48E731}.Release|x86.Build.0 = Release|x86
		{EB25DD64-E98C-4C49-B47E-312C3A48E731}.Release|Xbox 360.ActiveCfg = Release|x86
		{1F0BBD06-A1F5-4B4C-9042-CA77EACD29B5}.Debug|Any CPU.ActiveCfg = Debug|x86
		{1F0BBD06-A1F5-4B4C-9042-CA77EACD29B5}.Debug|Mixed Platforms.ActiveCfg = Debug|x86
		{1F0BBD06-A1F5-4B4C-9042-CA77EACD29B5}.Debug|Mixed Platforms.Build.0 = Debug|x86
		{1F0BBD06-A1F5-4B4C-9042-CA77EACD29B5}.Debug|x86.ActiveCfg = Debug|x86
		{1F0BBD06-A1F5-4B4C-9042-CA77EACD29B5}.Debug|x86.Build.0 = Debug|x86
		{1F0BBD06-A1F5-4B4C-9042-CA77EACD29B5}.Debug|Xbox 360.ActiveCfg = Debug|x86
		{1F0BBD06-A1F5-4B4C-9042-CA77EACD29B5}.Release|Any CPU.ActiveCfg = Release|x86
		{1F0BBD06-A1F5-4B4C-9042-CA77EACD29B5}.Release|Mixed Platforms.ActiveCfg = Release|x86
		{1F0BBD06-A1F5-4B4C-9042-CA77EACD29B5}.Release|Mixed Platforms.Build.0 = Release|x86
		{1F0BBD06-A1F5-4B4C-9042-CA77EACD29B5}.Release|x86.ActiveCfg = Release|x86
		{1F0BBD06-A1F5-4B4C-9042-CA77EACD29B5}.Release|x86.Build.0 = Release|x86
		{1F0BBD06-A1F5-4B4C-9042-CA77EACD29B5}.Release|Xbox 360.ActiveCfg = Release|x86
		{34893445-8839-4D8D-944B-C0013AA93AB7}.Debug|Any CPU.ActiveCfg = Debug|Any CPU
		{34893445-8839-4D8D-944B-C0013AA93AB7}.Debug|Any CPU.Build.0 = Debug|Any CPU
		{34893445-8839-4D8D-944B-C0013AA93AB7}.Debug|Mixed Platforms.ActiveCfg = Debug|Any CPU
		{34893445-8839-4D8D-944B-C0013AA93AB7}.Debug|Mixed Platforms.Build.0 = Debug|Any CPU
		{34893445-8839-4D8D-944B-C0013AA93AB7}.Debug|x86.ActiveCfg = Debug|Any CPU
		{34893445-8839-4D8D-944B-C0013AA93AB7}.Debug|Xbox 360.ActiveCfg = Debug|Any CPU
		{34893445-8839-4D8D-944B-C0013AA93AB7}.Release|Any CPU.ActiveCfg = Release|Any CPU
		{34893445-8839-4D8D-944B-C0013AA93AB7}.Release|Any CPU.Build.0 = Release|Any CPU
		{34893445-8839-4D8D-944B-C0013AA93AB7}.Release|Mixed Platforms.ActiveCfg = Release|Any CPU
		{34893445-8839-4D8D-944B-C0013AA93AB7}.Release|Mixed Platforms.Build.0 = Release|Any CPU
		{34893445-8839-4D8D-944B-C0013AA93AB7}.Release|x86.ActiveCfg = Release|Any CPU
		{34893445-8839-4D8D-944B-C0013AA93AB7}.Release|Xbox 360.ActiveCfg = Release|Any CPU
		{84C41563-4AA6-4F4D-92D2-D5D4317A26E0}.Debug|Any CPU.ActiveCfg = Debug|x86
		{84C41563-4AA6-4F4D-92D2-D5D4317A26E0}.Debug|Mixed Platforms.ActiveCfg = Debug|x86
		{84C41563-4AA6-4F4D-92D2-D5D4317A26E0}.Debug|Mixed Platforms.Build.0 = Debug|x86
		{84C41563-4AA6-4F4D-92D2-D5D4317A26E0}.Debug|x86.ActiveCfg = Debug|x86
		{84C41563-4AA6-4F4D-92D2-D5D4317A26E0}.Debug|x86.Build.0 = Debug|x86
		{84C41563-4AA6-4F4D-92D2-D5D4317A26E0}.Debug|Xbox 360.ActiveCfg = Debug|x86
		{84C41563-4AA6-4F4D-92D2-D5D4317A26E0}.Release|Any CPU.ActiveCfg = Release|x86
		{84C41563-4AA6-4F4D-92D2-D5D4317A26E0}.Release|Mixed Platforms.ActiveCfg = Release|x86
		{84C41563-4AA6-4F4D-92D2-D5D4317A26E0}.Release|Mixed Platforms.Build.0 = Release|x86
		{84C41563-4AA6-4F4D-92D2-D5D4317A26E0}.Release|x86.ActiveCfg = Release|x86
		{84C41563-4AA6-4F4D-92D2-D5D4317A26E0}.Release|x86.Build.0 = Release|x86
		{84C41563-4AA6-4F4D-92D2-D5D4317A26E0}.Release|Xbox 360.ActiveCfg = Release|x86
		{EB835DB4-EBF4-4B4A-976F-0AE746C6AA6B}.Debug|Any CPU.ActiveCfg = Debug|x86
		{EB835DB4-EBF4-4B4A-976F-0AE746C6AA6B}.Debug|Mixed Platforms.ActiveCfg = Debug|x86
		{EB835DB4-EBF4-4B4A-976F-0AE746C6AA6B}.Debug|Mixed Platforms.Build.0 = Debug|x86
		{EB835DB4-EBF4-4B4A-976F-0AE746C6AA6B}.Debug|x86.ActiveCfg = Debug|x86
		{EB835DB4-EBF4-4B4A-976F-0AE746C6AA6B}.Debug|x86.Build.0 = Debug|x86
		{EB835DB4-EBF4-4B4A-976F-0AE746C6AA6B}.Debug|Xbox 360.ActiveCfg = Debug|x86
		{EB835DB4-EBF4-4B4A-976F-0AE746C6AA6B}.Release|Any CPU.ActiveCfg = Release|x86
		{EB835DB4-EBF4-4B4A-976F-0AE746C6AA6B}.Release|Mixed Platforms.ActiveCfg = Release|x86
		{EB835DB4-EBF4-4B4A-976F-0AE746C6AA6B}.Release|Mixed Platforms.Build.0 = Release|x86
		{EB835DB4-EBF4-4B4A-976F-0AE746C6AA6B}.Release|x86.ActiveCfg = Release|x86
		{EB835DB4-EBF4-4B4A-976F-0AE746C6AA6B}.Release|x86.Build.0 = Release|x86
		{EB835DB4-EBF4-4B4A-976F-0AE746C6AA6B}.Release|Xbox 360.ActiveCfg = Release|x86
		{F84DAE69-327C-4509-B39A-F2BFB36CADA3}.Debug|Any CPU.ActiveCfg = Debug|x86
		{F84DAE69-327C-4509-B39A-F2BFB36CADA3}.Debug|Mixed Platforms.ActiveCfg = Debug|x86
		{F84DAE69-327C-4509-B39A-F2BFB36CADA3}.Debug|Mixed Platforms.Build.0 = Debug|x86
		{F84DAE69-327C-4509-B39A-F2BFB36CADA3}.Debug|x86.ActiveCfg = Debug|x86
		{F84DAE69-327C-4509-B39A-F2BFB36CADA3}.Debug|x86.Build.0 = Debug|x86
		{F84DAE69-327C-4509-B39A-F2BFB36CADA3}.Debug|Xbox 360.ActiveCfg = Debug|x86
		{F84DAE69-327C-4509-B39A-F2BFB36CADA3}.Release|Any CPU.ActiveCfg = Release|x86
		{F84DAE69-327C-4509-B39A-F2BFB36CADA3}.Release|Mixed Platforms.ActiveCfg = Release|x86
		{F84DAE69-327C-4509-B39A-F2BFB36CADA3}.Release|Mixed Platforms.Build.0 = Release|x86
		{F84DAE69-327C-4509-B39A-F2BFB36CADA3}.Release|x86.ActiveCfg = Release|x86
		{F84DAE69-327C-4509-B39A-F2BFB36CADA3}.Release|x86.Build.0 = Release|x86
		{F84DAE69-327C-4509-B39A-F2BFB36CADA3}.Release|Xbox 360.ActiveCfg = Release|x86
		{11724993-5C7B-487B-82FB-B1B2E7128A98}.Debug|Any CPU.ActiveCfg = Debug|Xbox 360
		{11724993-5C7B-487B-82FB-B1B2E7128A98}.Debug|Any CPU.Build.0 = Debug|Xbox 360
		{11724993-5C7B-487B-82FB-B1B2E7128A98}.Debug|Mixed Platforms.ActiveCfg = Debug|Xbox 360
		{11724993-5C7B-487B-82FB-B1B2E7128A98}.Debug|Mixed Platforms.Build.0 = Debug|Xbox 360
		{11724993-5C7B-487B-82FB-B1B2E7128A98}.Debug|x86.ActiveCfg = Debug|x86
		{11724993-5C7B-487B-82FB-B1B2E7128A98}.Debug|x86.Build.0 = Debug|x86
		{11724993-5C7B-487B-82FB-B1B2E7128A98}.Debug|Xbox 360.ActiveCfg = Debug|Xbox 360
		{11724993-5C7B-487B-82FB-B1B2E7128A98}.Debug|Xbox 360.Build.0 = Debug|Xbox 360
		{11724993-5C7B-487B-82FB-B1B2E7128A98}.Release|Any CPU.ActiveCfg = Release|Xbox 360
		{11724993-5C7B-487B-82FB-B1B2E7128A98}.Release|Any CPU.Build.0 = Release|Xbox 360
		{11724993-5C7B-487B-82FB-B1B2E7128A98}.Release|Mixed Platforms.ActiveCfg = Release|Xbox 360
		{11724993-5C7B-487B-82FB-B1B2E7128A98}.Release|Mixed Platforms.Build.0 = Release|Xbox 360
		{11724993-5C7B-487B-82FB-B1B2E7128A98}.Release|x86.ActiveCfg = Release|x86
		{11724993-5C7B-487B-82FB-B1B2E7128A98}.Release|x86.Build.0 = Release|x86
		{11724993-5C7B-487B-82FB-B1B2E7128A98}.Release|Xbox 360.ActiveCfg = Release|Xbox 360
		{11724993-5C7B-487B-82FB-B1B2E7128A98}.Release|Xbox 360.Build.0 = Release|Xbox 360
		{05DC9D27-01C3-4F7A-AD54-5A2DADE35E1F}.Debug|Any CPU.ActiveCfg = Debug|x86
		{05DC9D27-01C3-4F7A-AD54-5A2DADE35E1F}.Debug|Mixed Platforms.ActiveCfg = Debug|x86
		{05DC9D27-01C3-4F7A-AD54-5A2DADE35E1F}.Debug|Mixed Platforms.Build.0 = Debug|x86
		{05DC9D27-01C3-4F7A-AD54-5A2DADE35E1F}.Debug|x86.ActiveCfg = Debug|x86
		{05DC9D27-01C3-4F7A-AD54-5A2DADE35E1F}.Debug|x86.Build.0 = Debug|x86
		{05DC9D27-01C3-4F7A-AD54-5A2DADE35E1F}.Debug|Xbox 360.ActiveCfg = Debug|x86
		{05DC9D27-01C3-4F7A-AD54-5A2DADE35E1F}.Release|Any CPU.ActiveCfg = Release|x86
		{05DC9D27-01C3-4F7A-AD54-5A2DADE35E1F}.Release|Mixed Platforms.ActiveCfg = Release|x86
		{05DC9D27-01C3-4F7A-AD54-5A2DADE35E1F}.Release|Mixed Platforms.Build.0 = Release|x86
		{05DC9D27-01C3-4F7A-AD54-5A2DADE35E1F}.Release|x86.ActiveCfg = Release|x86
		{05DC9D27-01C3-4F7A-AD54-5A2DADE35E1F}.Release|x86.Build.0 = Release|x86
		{05DC9D27-01C3-4F7A-AD54-5A2DADE35E1F}.Release|Xbox 360.ActiveCfg = Release|x86
		{548AE6F0-5D6C-4053-809C-2E3A974C6D55}.Debug|Any CPU.ActiveCfg = Debug|x86
		{548AE6F0-5D6C-4053-809C-2E3A974C6D55}.Debug|Mixed Platforms.ActiveCfg = Debug|x86
		{548AE6F0-5D6C-4053-809C-2E3A974C6D55}.Debug|Mixed Platforms.Build.0 = Debug|x86
		{548AE6F0-5D6C-4053-809C-2E3A974C6D55}.Debug|x86.ActiveCfg = Debug|x86
		{548AE6F0-5D6C-4053-809C-2E3A974C6D55}.Debug|x86.Build.0 = Debug|x86
		{548AE6F0-5D6C-4053-809C-2E3A974C6D55}.Debug|Xbox 360.ActiveCfg = Debug|x86
		{548AE6F0-5D6C-4053-809C-2E3A974C6D55}.Release|Any CPU.ActiveCfg = Release|x86
		{548AE6F0-5D6C-4053-809C-2E3A974C6D55}.Release|Mixed Platforms.ActiveCfg = Release|x86
		{548AE6F0-5D6C-4053-809C-2E3A974C6D55}.Release|Mixed Platforms.Build.0 = Release|x86
		{548AE6F0-5D6C-4053-809C-2E3A974C6D55}.Release|x86.ActiveCfg = Release|x86
		{548AE6F0-5D6C-4053-809C-2E3A974C6D55}.Release|x86.Build.0 = Release|x86
		{548AE6F0-5D6C-4053-809C-2E3A974C6D55}.Release|Xbox 360.ActiveCfg = Release|x86
		{6F94CE46-3631-4F1E-A878-125F0A8CA98E}.Debug|Any CPU.ActiveCfg = Debug|x86
		{6F94CE46-3631-4F1E-A878-125F0A8CA98E}.Debug|Mixed Platforms.ActiveCfg = Debug|x86
		{6F94CE46-3631-4F1E-A878-125F0A8CA98E}.Debug|Mixed Platforms.Build.0 = Debug|x86
		{6F94CE46-3631-4F1E-A878-125F0A8CA98E}.Debug|x86.ActiveCfg = Debug|x86
		{6F94CE46-3631-4F1E-A878-125F0A8CA98E}.Debug|x86.Build.0 = Debug|x86
		{6F94CE46-3631-4F1E-A878-125F0A8CA98E}.Debug|Xbox 360.ActiveCfg = Debug|x86
		{6F94CE46-3631-4F1E-A878-125F0A8CA98E}.Release|Any CPU.ActiveCfg = Release|x86
		{6F94CE46-3631-4F1E-A878-125F0A8CA98E}.Release|Mixed Platforms.ActiveCfg = Release|x86
		{6F94CE46-3631-4F1E-A878-125F0A8CA98E}.Release|Mixed Platforms.Build.0 = Release|x86
		{6F94CE46-3631-4F1E-A878-125F0A8CA98E}.Release|x86.ActiveCfg = Release|x86
		{6F94CE46-3631-4F1E-A878-125F0A8CA98E}.Release|x86.Build.0 = Release|x86
		{6F94CE46-3631-4F1E-A878-125F0A8CA98E}.Release|Xbox 360.ActiveCfg = Release|x86
		{3BC4EE53-CD83-46AF-8E51-D50ACAA9C97C}.Debug|Any CPU.ActiveCfg = Debug|x86
		{3BC4EE53-CD83-46AF-8E51-D50ACAA9C97C}.Debug|Mixed Platforms.ActiveCfg = Debug|x86
		{3BC4EE53-CD83-46AF-8E51-D50ACAA9C97C}.Debug|Mixed Platforms.Build.0 = Debug|x86
		{3BC4EE53-CD83-46AF-8E51-D50ACAA9C97C}.Debug|x86.ActiveCfg = Debug|x86
		{3BC4EE53-CD83-46AF-8E51-D50ACAA9C97C}.Debug|x86.Build.0 = Debug|x86
		{3BC4EE53-CD83-46AF-8E51-D50ACAA9C97C}.Debug|Xbox 360.ActiveCfg = Debug|x86
		{3BC4EE53-CD83-46AF-8E51-D50ACAA9C97C}.Release|Any CPU.ActiveCfg = Release|x86
		{3BC4EE53-CD83-46AF-8E51-D50ACAA9C97C}.Release|Mixed Platforms.ActiveCfg = Release|x86
		{3BC4EE53-CD83-46AF-8E51-D50ACAA9C97C}.Release|Mixed Platforms.Build.0 = Release|x86
		{3BC4EE53-CD83-46AF-8E51-D50ACAA9C97C}.Release|x86.ActiveCfg = Release|x86
		{3BC4EE53-CD83-46AF-8E51-D50ACAA9C97C}.Release|x86.Build.0 = Release|x86
		{3BC4EE53-CD83-46AF-8E51-D50ACAA9C97C}.Release|Xbox 360.ActiveCfg = Release|x86
		{40264B24-8704-44CF-A02E-B5FB1998F94D}.Debug|Any CPU.ActiveCfg = Debug|x86
		{40264B24-8704-44CF-A02E-B5FB1998F94D}.Debug|Mixed Platforms.ActiveCfg = Debug|x86
		{40264B24-8704-44CF-A02E-B5FB1998F94D}.Debug|Mixed Platforms.Build.0 = Debug|x86
		{40264B24-8704-44CF-A02E-B5FB1998F94D}.Debug|x86.ActiveCfg = Debug|x86
		{40264B24-8704-44CF-A02E-B5FB1998F94D}.Debug|x86.Build.0 = Debug|x86
		{40264B24-8704-44CF-A02E-B5FB1998F94D}.Debug|Xbox 360.ActiveCfg = Debug|x86
		{40264B24-8704-44CF-A02E-B5FB1998F94D}.Release|Any CPU.ActiveCfg = Release|x86
		{40264B24-8704-44CF-A02E-B5FB1998F94D}.Release|Mixed Platforms.ActiveCfg = Release|x86
		{40264B24-8704-44CF-A02E-B5FB1998F94D}.Release|Mixed Platforms.Build.0 = Release|x86
		{40264B24-8704-44CF-A02E-B5FB1998F94D}.Release|x86.ActiveCfg = Release|x86
		{40264B24-8704-44CF-A02E-B5FB1998F94D}.Release|x86.Build.0 = Release|x86
		{40264B24-8704-44CF-A02E-B5FB1998F94D}.Release|Xbox 360.ActiveCfg = Release|x86
		{45285255-D5B4-483C-8CF7-75F5E59E496A}.Debug|Any CPU.ActiveCfg = Debug
		{45285255-D5B4-483C-8CF7-75F5E59E496A}.Debug|Mixed Platforms.ActiveCfg = Debug
		{45285255-D5B4-483C-8CF7-75F5E59E496A}.Debug|x86.ActiveCfg = Debug
		{45285255-D5B4-483C-8CF7-75F5E59E496A}.Debug|Xbox 360.ActiveCfg = Debug
		{45285255-D5B4-483C-8CF7-75F5E59E496A}.Release|Any CPU.ActiveCfg = Release
		{45285255-D5B4-483C-8CF7-75F5E59E496A}.Release|Mixed Platforms.ActiveCfg = Release
		{45285255-D5B4-483C-8CF7-75F5E59E496A}.Release|x86.ActiveCfg = Release
		{45285255-D5B4-483C-8CF7-75F5E59E496A}.Release|Xbox 360.ActiveCfg = Release
		{BE40A20F-C5BC-437E-A2AC-DC36969F04CB}.Debug|Any CPU.ActiveCfg = Debug|x86
		{BE40A20F-C5BC-437E-A2AC-DC36969F04CB}.Debug|Mixed Platforms.ActiveCfg = Debug|x86
		{BE40A20F-C5BC-437E-A2AC-DC36969F04CB}.Debug|Mixed Platforms.Build.0 = Debug|x86
		{BE40A20F-C5BC-437E-A2AC-DC36969F04CB}.Debug|x86.ActiveCfg = Debug|x86
		{BE40A20F-C5BC-437E-A2AC-DC36969F04CB}.Debug|x86.Build.0 = Debug|x86
		{BE40A20F-C5BC-437E-A2AC-DC36969F04CB}.Debug|Xbox 360.ActiveCfg = Debug|x86
		{BE40A20F-C5BC-437E-A2AC-DC36969F04CB}.Release|Any CPU.ActiveCfg = Release|x86
		{BE40A20F-C5BC-437E-A2AC-DC36969F04CB}.Release|Mixed Platforms.ActiveCfg = Release|x86
		{BE40A20F-C5BC-437E-A2AC-DC36969F04CB}.Release|Mixed Platforms.Build.0 = Release|x86
		{BE40A20F-C5BC-437E-A2AC-DC36969F04CB}.Release|x86.ActiveCfg = Release|x86
		{BE40A20F-C5BC-437E-A2AC-DC36969F04CB}.Release|x86.Build.0 = Release|x86
		{BE40A20F-C5BC-437E-A2AC-DC36969F04CB}.Release|Xbox 360.ActiveCfg = Release|x86
		{19E2AB0E-F534-4FA9-9F6C-38B39ABDDB39}.Debug|Any CPU.ActiveCfg = Debug|Any CPU
		{19E2AB0E-F534-4FA9-9F6C-38B39ABDDB39}.Debug|Any CPU.Build.0 = Debug|Any CPU
		{19E2AB0E-F534-4FA9-9F6C-38B39ABDDB39}.Debug|Mixed Platforms.ActiveCfg = Debug|Any CPU
		{19E2AB0E-F534-4FA9-9F6C-38B39ABDDB39}.Debug|Mixed Platforms.Build.0 = Debug|Any CPU
		{19E2AB0E-F534-4FA9-9F6C-38B39ABDDB39}.Debug|x86.ActiveCfg = Debug|Any CPU
		{19E2AB0E-F534-4FA9-9F6C-38B39ABDDB39}.Debug|Xbox 360.ActiveCfg = Debug|Any CPU
		{19E2AB0E-F534-4FA9-9F6C-38B39ABDDB39}.Release|Any CPU.ActiveCfg = Release|Any CPU
		{19E2AB0E-F534-4FA9-9F6C-38B39ABDDB39}.Release|Any CPU.Build.0 = Release|Any CPU
		{19E2AB0E-F534-4FA9-9F6C-38B39ABDDB39}.Release|Mixed Platforms.ActiveCfg = Release|Any CPU
		{19E2AB0E-F534-4FA9-9F6C-38B39ABDDB39}.Release|Mixed Platforms.Build.0 = Release|Any CPU
		{19E2AB0E-F534-4FA9-9F6C-38B39ABDDB39}.Release|x86.ActiveCfg = Release|Any CPU
		{19E2AB0E-F534-4FA9-9F6C-38B39ABDDB39}.Release|Xbox 360.ActiveCfg = Release|Any CPU
		{1BF1186A-6CB4-4100-AD06-A8FA1462CF86}.Debug|Any CPU.ActiveCfg = Debug|Any CPU
		{1BF1186A-6CB4-4100-AD06-A8FA1462CF86}.Debug|Any CPU.Build.0 = Debug|Any CPU
		{1BF1186A-6CB4-4100-AD06-A8FA1462CF86}.Debug|Mixed Platforms.ActiveCfg = Debug|Any CPU
		{1BF1186A-6CB4-4100-AD06-A8FA1462CF86}.Debug|Mixed Platforms.Build.0 = Debug|Any CPU
		{1BF1186A-6CB4-4100-AD06-A8FA1462CF86}.Debug|x86.ActiveCfg = Debug|Any CPU
		{1BF1186A-6CB4-4100-AD06-A8FA1462CF86}.Debug|Xbox 360.ActiveCfg = Debug|Any CPU
		{1BF1186A-6CB4-4100-AD06-A8FA1462CF86}.Release|Any CPU.ActiveCfg = Release|Any CPU
		{1BF1186A-6CB4-4100-AD06-A8FA1462CF86}.Release|Any CPU.Build.0 = Release|Any CPU
		{1BF1186A-6CB4-4100-AD06-A8FA1462CF86}.Release|Mixed Platforms.ActiveCfg = Release|Any CPU
		{1BF1186A-6CB4-4100-AD06-A8FA1462CF86}.Release|Mixed Platforms.Build.0 = Release|Any CPU
		{1BF1186A-6CB4-4100-AD06-A8FA1462CF86}.Release|x86.ActiveCfg = Release|Any CPU
		{1BF1186A-6CB4-4100-AD06-A8FA1462CF86}.Release|Xbox 360.ActiveCfg = Release|Any CPU
		{FA162A67-6140-4489-806A-FB75053EE6C5}.Debug|Any CPU.ActiveCfg = Debug|Any CPU
		{FA162A67-6140-4489-806A-FB75053EE6C5}.Debug|Any CPU.Build.0 = Debug|Any CPU
		{FA162A67-6140-4489-806A-FB75053EE6C5}.Debug|Mixed Platforms.ActiveCfg = Debug|Any CPU
		{FA162A67-6140-4489-806A-FB75053EE6C5}.Debug|Mixed Platforms.Build.0 = Debug|Any CPU
		{FA162A67-6140-4489-806A-FB75053EE6C5}.Debug|x86.ActiveCfg = Debug|Any CPU
		{FA162A67-6140-4489-806A-FB75053EE6C5}.Debug|Xbox 360.ActiveCfg = Debug|Any CPU
		{FA162A67-6140-4489-806A-FB75053EE6C5}.Release|Any CPU.ActiveCfg = Release|Any CPU
		{FA162A67-6140-4489-806A-FB75053EE6C5}.Release|Any CPU.Build.0 = Release|Any CPU
		{FA162A67-6140-4489-806A-FB75053EE6C5}.Release|Mixed Platforms.ActiveCfg = Release|Any CPU
		{FA162A67-6140-4489-806A-FB75053EE6C5}.Release|Mixed Platforms.Build.0 = Release|Any CPU
		{FA162A67-6140-4489-806A-FB75053EE6C5}.Release|x86.ActiveCfg = Release|Any CPU
		{FA162A67-6140-4489-806A-FB75053EE6C5}.Release|Xbox 360.ActiveCfg = Release|Any CPU
		{7705A363-5D11-4E57-A951-A571AE1EA431}.Debug|Any CPU.ActiveCfg = Debug|Any CPU
		{7705A363-5D11-4E57-A951-A571AE1EA431}.Debug|Any CPU.Build.0 = Debug|Any CPU
		{7705A363-5D11-4E57-A951-A571AE1EA431}.Debug|Mixed Platforms.ActiveCfg = Debug|Any CPU
		{7705A363-5D11-4E57-A951-A571AE1EA431}.Debug|Mixed Platforms.Build.0 = Debug|Any CPU
		{7705A363-5D11-4E57-A951-A571AE1EA431}.Debug|x86.ActiveCfg = Debug|Any CPU
		{7705A363-5D11-4E57-A951-A571AE1EA431}.Debug|Xbox 360.ActiveCfg = Debug|Any CPU
		{7705A363-5D11-4E57-A951-A571AE1EA431}.Release|Any CPU.ActiveCfg = Release|Any CPU
		{7705A363-5D11-4E57-A951-A571AE1EA431}.Release|Any CPU.Build.0 = Release|Any CPU
		{7705A363-5D11-4E57-A951-A571AE1EA431}.Release|Mixed Platforms.ActiveCfg = Release|Any CPU
		{7705A363-5D11-4E57-A951-A571AE1EA431}.Release|Mixed Platforms.Build.0 = Release|Any CPU
		{7705A363-5D11-4E57-A951-A571AE1EA431}.Release|x86.ActiveCfg = Release|Any CPU
		{7705A363-5D11-4E57-A951-A571AE1EA431}.Release|Xbox 360.ActiveCfg = Release|Any CPU
		{D3E34226-A255-4954-A5D3-BED2370C4535}.Debug|Any CPU.ActiveCfg = Debug|Any CPU
		{D3E34226-A255-4954-A5D3-BED2370C4535}.Debug|Any CPU.Build.0 = Debug|Any CPU
		{D3E34226-A255-4954-A5D3-BED2370C4535}.Debug|Mixed Platforms.ActiveCfg = Debug|Any CPU
		{D3E34226-A255-4954-A5D3-BED2370C4535}.Debug|Mixed Platforms.Build.0 = Debug|Any CPU
		{D3E34226-A255-4954-A5D3-BED2370C4535}.Debug|x86.ActiveCfg = Debug|Any CPU
		{D3E34226-A255-4954-A5D3-BED2370C4535}.Debug|Xbox 360.ActiveCfg = Debug|Any CPU
		{D3E34226-A255-4954-A5D3-BED2370C4535}.Release|Any CPU.ActiveCfg = Release|Any CPU
		{D3E34226-A255-4954-A5D3-BED2370C4535}.Release|Any CPU.Build.0 = Release|Any CPU
		{D3E34226-A255-4954-A5D3-BED2370C4535}.Release|Mixed Platforms.ActiveCfg = Release|Any CPU
		{D3E34226-A255-4954-A5D3-BED2370C4535}.Release|Mixed Platforms.Build.0 = Release|Any CPU
		{D3E34226-A255-4954-A5D3-BED2370C4535}.Release|x86.ActiveCfg = Release|Any CPU
		{D3E34226-A255-4954-A5D3-BED2370C4535}.Release|Xbox 360.ActiveCfg = Release|Any CPU
		{6FFBEB1A-ECC3-4781-B5E6-98E44086BBF0}.Debug|Any CPU.ActiveCfg = Debug|Any CPU
		{6FFBEB1A-ECC3-4781-B5E6-98E44086BBF0}.Debug|Any CPU.Build.0 = Debug|Any CPU
		{6FFBEB1A-ECC3-4781-B5E6-98E44086BBF0}.Debug|Mixed Platforms.ActiveCfg = Debug|Any CPU
		{6FFBEB1A-ECC3-4781-B5E6-98E44086BBF0}.Debug|Mixed Platforms.Build.0 = Debug|Any CPU
		{6FFBEB1A-ECC3-4781-B5E6-98E44086BBF0}.Debug|x86.ActiveCfg = Debug|Any CPU
		{6FFBEB1A-ECC3-4781-B5E6-98E44086BBF0}.Debug|Xbox 360.ActiveCfg = Debug|Any CPU
		{6FFBEB1A-ECC3-4781-B5E6-98E44086BBF0}.Release|Any CPU.ActiveCfg = Release|Any CPU
		{6FFBEB1A-ECC3-4781-B5E6-98E44086BBF0}.Release|Any CPU.Build.0 = Release|Any CPU
		{6FFBEB1A-ECC3-4781-B5E6-98E44086BBF0}.Release|Mixed Platforms.ActiveCfg = Release|Any CPU
		{6FFBEB1A-ECC3-4781-B5E6-98E44086BBF0}.Release|Mixed Platforms.Build.0 = Release|Any CPU
		{6FFBEB1A-ECC3-4781-B5E6-98E44086BBF0}.Release|x86.ActiveCfg = Release|Any CPU
		{6FFBEB1A-ECC3-4781-B5E6-98E44086BBF0}.Release|Xbox 360.ActiveCfg = Release|Any CPU
		{4D994C1C-94C0-4BAF-827D-E0902FFE8848}.Debug|Any CPU.ActiveCfg = Debug|Any CPU
		{4D994C1C-94C0-4BAF-827D-E0902FFE8848}.Debug|Any CPU.Build.0 = Debug|Any CPU
		{4D994C1C-94C0-4BAF-827D-E0902FFE8848}.Debug|Mixed Platforms.ActiveCfg = Debug|Any CPU
		{4D994C1C-94C0-4BAF-827D-E0902FFE8848}.Debug|Mixed Platforms.Build.0 = Debug|Any CPU
		{4D994C1C-94C0-4BAF-827D-E0902FFE8848}.Debug|x86.ActiveCfg = Debug|Any CPU
		{4D994C1C-94C0-4BAF-827D-E0902FFE8848}.Debug|Xbox 360.ActiveCfg = Debug|Any CPU
		{4D994C1C-94C0-4BAF-827D-E0902FFE8848}.Release|Any CPU.ActiveCfg = Release|Any CPU
		{4D994C1C-94C0-4BAF-827D-E0902FFE8848}.Release|Any CPU.Build.0 = Release|Any CPU
		{4D994C1C-94C0-4BAF-827D-E0902FFE8848}.Release|Mixed Platforms.ActiveCfg = Release|Any CPU
		{4D994C1C-94C0-4BAF-827D-E0902FFE8848}.Release|Mixed Platforms.Build.0 = Release|Any CPU
		{4D994C1C-94C0-4BAF-827D-E0902FFE8848}.Release|x86.ActiveCfg = Release|Any CPU
		{4D994C1C-94C0-4BAF-827D-E0902FFE8848}.Release|Xbox 360.ActiveCfg = Release|Any CPU
		{8A783945-F28B-45B0-89AC-CD2BB9DFD029}.Debug|Any CPU.ActiveCfg = Debug|Any CPU
		{8A783945-F28B-45B0-89AC-CD2BB9DFD029}.Debug|Any CPU.Build.0 = Debug|Any CPU
		{8A783945-F28B-45B0-89AC-CD2BB9DFD029}.Debug|Mixed Platforms.ActiveCfg = Debug|Any CPU
		{8A783945-F28B-45B0-89AC-CD2BB9DFD029}.Debug|Mixed Platforms.Build.0 = Debug|Any CPU
		{8A783945-F28B-45B0-89AC-CD2BB9DFD029}.Debug|x86.ActiveCfg = Debug|Any CPU
		{8A783945-F28B-45B0-89AC-CD2BB9DFD029}.Debug|Xbox 360.ActiveCfg = Debug|Any CPU
		{8A783945-F28B-45B0-89AC-CD2BB9DFD029}.Release|Any CPU.ActiveCfg = Release|Any CPU
		{8A783945-F28B-45B0-89AC-CD2BB9DFD029}.Release|Any CPU.Build.0 = Release|Any CPU
		{8A783945-F28B-45B0-89AC-CD2BB9DFD029}.Release|Mixed Platforms.ActiveCfg = Release|Any CPU
		{8A783945-F28B-45B0-89AC-CD2BB9DFD029}.Release|Mixed Platforms.Build.0 = Release|Any CPU
		{8A783945-F28B-45B0-89AC-CD2BB9DFD029}.Release|x86.ActiveCfg = Release|Any CPU
		{8A783945-F28B-45B0-89AC-CD2BB9DFD029}.Release|Xbox 360.ActiveCfg = Release|Any CPU
		{6BB3AC16-F381-436F-8F2E-DE82201CF8FA}.Debug|Any CPU.ActiveCfg = Debug|Any CPU
		{6BB3AC16-F381-436F-8F2E-DE82201CF8FA}.Debug|Any CPU.Build.0 = Debug|Any CPU
		{6BB3AC16-F381-436F-8F2E-DE82201CF8FA}.Debug|Mixed Platforms.ActiveCfg = Debug|Any CPU
		{6BB3AC16-F381-436F-8F2E-DE82201CF8FA}.Debug|Mixed Platforms.Build.0 = Debug|Any CPU
		{6BB3AC16-F381-436F-8F2E-DE82201CF8FA}.Debug|x86.ActiveCfg = Debug|Any CPU
		{6BB3AC16-F381-436F-8F2E-DE82201CF8FA}.Debug|Xbox 360.ActiveCfg = Debug|Any CPU
		{6BB3AC16-F381-436F-8F2E-DE82201CF8FA}.Release|Any CPU.ActiveCfg = Release|Any CPU
		{6BB3AC16-F381-436F-8F2E-DE82201CF8FA}.Release|Any CPU.Build.0 = Release|Any CPU
		{6BB3AC16-F381-436F-8F2E-DE82201CF8FA}.Release|Mixed Platforms.ActiveCfg = Release|Any CPU
		{6BB3AC16-F381-436F-8F2E-DE82201CF8FA}.Release|Mixed Platforms.Build.0 = Release|Any CPU
		{6BB3AC16-F381-436F-8F2E-DE82201CF8FA}.Release|x86.ActiveCfg = Release|Any CPU
		{6BB3AC16-F381-436F-8F2E-DE82201CF8FA}.Release|Xbox 360.ActiveCfg = Release|Any CPU
		{B76D6647-7460-4514-8F90-E7A00C9A8338}.Debug|Any CPU.ActiveCfg = Debug|Any CPU
		{B76D6647-7460-4514-8F90-E7A00C9A8338}.Debug|Any CPU.Build.0 = Debug|Any CPU
		{B76D6647-7460-4514-8F90-E7A00C9A8338}.Debug|Mixed Platforms.ActiveCfg = Debug|Any CPU
		{B76D6647-7460-4514-8F90-E7A00C9A8338}.Debug|Mixed Platforms.Build.0 = Debug|Any CPU
		{B76D6647-7460-4514-8F90-E7A00C9A8338}.Debug|x86.ActiveCfg = Debug|Any CPU
		{B76D6647-7460-4514-8F90-E7A00C9A8338}.Debug|Xbox 360.ActiveCfg = Debug|Any CPU
		{B76D6647-7460-4514-8F90-E7A00C9A8338}.Release|Any CPU.ActiveCfg = Release|Any CPU
		{B76D6647-7460-4514-8F90-E7A00C9A8338}.Release|Any CPU.Build.0 = Release|Any CPU
		{B76D6647-7460-4514-8F90-E7A00C9A8338}.Release|Mixed Platforms.ActiveCfg = Release|Any CPU
		{B76D6647-7460-4514-8F90-E7A00C9A8338}.Release|Mixed Platforms.Build.0 = Release|Any CPU
		{B76D6647-7460-4514-8F90-E7A00C9A8338}.Release|x86.ActiveCfg = Release|Any CPU
		{B76D6647-7460-4514-8F90-E7A00C9A8338}.Release|Xbox 360.ActiveCfg = Release|Any CPU
		{C8BDC4F8-19C4-4AD4-90D2-DAAEE32768B3}.Debug|Any CPU.ActiveCfg = Debug|Any CPU
		{C8BDC4F8-19C4-4AD4-90D2-DAAEE32768B3}.Debug|Any CPU.Build.0 = Debug|Any CPU
		{C8BDC4F8-19C4-4AD4-90D2-DAAEE32768B3}.Debug|Mixed Platforms.ActiveCfg = Debug|Any CPU
		{C8BDC4F8-19C4-4AD4-90D2-DAAEE32768B3}.Debug|Mixed Platforms.Build.0 = Debug|Any CPU
		{C8BDC4F8-19C4-4AD4-90D2-DAAEE32768B3}.Debug|x86.ActiveCfg = Debug|Any CPU
		{C8BDC4F8-19C4-4AD4-90D2-DAAEE32768B3}.Debug|Xbox 360.ActiveCfg = Debug|Any CPU
		{C8BDC4F8-19C4-4AD4-90D2-DAAEE32768B3}.Release|Any CPU.ActiveCfg = Release|Any CPU
		{C8BDC4F8-19C4-4AD4-90D2-DAAEE32768B3}.Release|Any CPU.Build.0 = Release|Any CPU
		{C8BDC4F8-19C4-4AD4-90D2-DAAEE32768B3}.Release|Mixed Platforms.ActiveCfg = Release|Any CPU
		{C8BDC4F8-19C4-4AD4-90D2-DAAEE32768B3}.Release|Mixed Platforms.Build.0 = Release|Any CPU
		{C8BDC4F8-19C4-4AD4-90D2-DAAEE32768B3}.Release|x86.ActiveCfg = Release|Any CPU
		{C8BDC4F8-19C4-4AD4-90D2-DAAEE32768B3}.Release|Xbox 360.ActiveCfg = Release|Any CPU
		{7BD3941C-51A5-4776-8BAB-48499E38C621}.Debug|Any CPU.ActiveCfg = Debug|Any CPU
		{7BD3941C-51A5-4776-8BAB-48499E38C621}.Debug|Any CPU.Build.0 = Debug|Any CPU
		{7BD3941C-51A5-4776-8BAB-48499E38C621}.Debug|Mixed Platforms.ActiveCfg = Debug|Any CPU
		{7BD3941C-51A5-4776-8BAB-48499E38C621}.Debug|Mixed Platforms.Build.0 = Debug|Any CPU
		{7BD3941C-51A5-4776-8BAB-48499E38C621}.Debug|x86.ActiveCfg = Debug|Any CPU
		{7BD3941C-51A5-4776-8BAB-48499E38C621}.Debug|Xbox 360.ActiveCfg = Debug|Any CPU
		{7BD3941C-51A5-4776-8BAB-48499E38C621}.Release|Any CPU.ActiveCfg = Release|Any CPU
		{7BD3941C-51A5-4776-8BAB-48499E38C621}.Release|Any CPU.Build.0 = Release|Any CPU
		{7BD3941C-51A5-4776-8BAB-48499E38C621}.Release|Mixed Platforms.ActiveCfg = Release|Any CPU
		{7BD3941C-51A5-4776-8BAB-48499E38C621}.Release|Mixed Platforms.Build.0 = Release|Any CPU
		{7BD3941C-51A5-4776-8BAB-48499E38C621}.Release|x86.ActiveCfg = Release|Any CPU
		{7BD3941C-51A5-4776-8BAB-48499E38C621}.Release|Xbox 360.ActiveCfg = Release|Any CPU
		{337ADA93-0ECE-4983-9433-FCB142C3CBDA}.Debug|Any CPU.ActiveCfg = Debug|Any CPU
		{337ADA93-0ECE-4983-9433-FCB142C3CBDA}.Debug|Any CPU.Build.0 = Debug|Any CPU
		{337ADA93-0ECE-4983-9433-FCB142C3CBDA}.Debug|Mixed Platforms.ActiveCfg = Debug|Any CPU
		{337ADA93-0ECE-4983-9433-FCB142C3CBDA}.Debug|Mixed Platforms.Build.0 = Debug|Any CPU
		{337ADA93-0ECE-4983-9433-FCB142C3CBDA}.Debug|x86.ActiveCfg = Debug|Any CPU
		{337ADA93-0ECE-4983-9433-FCB142C3CBDA}.Debug|Xbox 360.ActiveCfg = Debug|Any CPU
		{337ADA93-0ECE-4983-9433-FCB142C3CBDA}.Release|Any CPU.ActiveCfg = Release|Any CPU
		{337ADA93-0ECE-4983-9433-FCB142C3CBDA}.Release|Any CPU.Build.0 = Release|Any CPU
		{337ADA93-0ECE-4983-9433-FCB142C3CBDA}.Release|Mixed Platforms.ActiveCfg = Release|Any CPU
		{337ADA93-0ECE-4983-9433-FCB142C3CBDA}.Release|Mixed Platforms.Build.0 = Release|Any CPU
		{337ADA93-0ECE-4983-9433-FCB142C3CBDA}.Release|x86.ActiveCfg = Release|Any CPU
		{337ADA93-0ECE-4983-9433-FCB142C3CBDA}.Release|Xbox 360.ActiveCfg = Release|Any CPU
		{14BE01EE-9981-4DB3-B3E2-04F4E7E23403}.Debug|Any CPU.ActiveCfg = Debug|Any CPU
		{14BE01EE-9981-4DB3-B3E2-04F4E7E23403}.Debug|Any CPU.Build.0 = Debug|Any CPU
		{14BE01EE-9981-4DB3-B3E2-04F4E7E23403}.Debug|Mixed Platforms.ActiveCfg = Debug|Any CPU
		{14BE01EE-9981-4DB3-B3E2-04F4E7E23403}.Debug|Mixed Platforms.Build.0 = Debug|Any CPU
		{14BE01EE-9981-4DB3-B3E2-04F4E7E23403}.Debug|x86.ActiveCfg = Debug|Any CPU
		{14BE01EE-9981-4DB3-B3E2-04F4E7E23403}.Debug|Xbox 360.ActiveCfg = Debug|Any CPU
		{14BE01EE-9981-4DB3-B3E2-04F4E7E23403}.Release|Any CPU.ActiveCfg = Release|Any CPU
		{14BE01EE-9981-4DB3-B3E2-04F4E7E23403}.Release|Any CPU.Build.0 = Release|Any CPU
		{14BE01EE-9981-4DB3-B3E2-04F4E7E23403}.Release|Mixed Platforms.ActiveCfg = Release|Any CPU
		{14BE01EE-9981-4DB3-B3E2-04F4E7E23403}.Release|Mixed Platforms.Build.0 = Release|Any CPU
		{14BE01EE-9981-4DB3-B3E2-04F4E7E23403}.Release|x86.ActiveCfg = Release|Any CPU
		{14BE01EE-9981-4DB3-B3E2-04F4E7E23403}.Release|Xbox 360.ActiveCfg = Release|Any CPU
		{51ED886B-2D94-4936-9227-CE67D70F9206}.Debug|Any CPU.ActiveCfg = Debug|Any CPU
		{51ED886B-2D94-4936-9227-CE67D70F9206}.Debug|Any CPU.Build.0 = Debug|Any CPU
		{51ED886B-2D94-4936-9227-CE67D70F9206}.Debug|Mixed Platforms.ActiveCfg = Debug|Any CPU
		{51ED886B-2D94-4936-9227-CE67D70F9206}.Debug|Mixed Platforms.Build.0 = Debug|Any CPU
		{51ED886B-2D94-4936-9227-CE67D70F9206}.Debug|x86.ActiveCfg = Debug|Any CPU
		{51ED886B-2D94-4936-9227-CE67D70F9206}.Debug|Xbox 360.ActiveCfg = Debug|Any CPU
		{51ED886B-2D94-4936-9227-CE67D70F9206}.Release|Any CPU.ActiveCfg = Release|Any CPU
		{51ED886B-2D94-4936-9227-CE67D70F9206}.Release|Any CPU.Build.0 = Release|Any CPU
		{51ED886B-2D94-4936-9227-CE67D70F9206}.Release|Mixed Platforms.ActiveCfg = Release|Any CPU
		{51ED886B-2D94-4936-9227-CE67D70F9206}.Release|Mixed Platforms.Build.0 = Release|Any CPU
		{51ED886B-2D94-4936-9227-CE67D70F9206}.Release|x86.ActiveCfg = Release|Any CPU
		{51ED886B-2D94-4936-9227-CE67D70F9206}.Release|Xbox 360.ActiveCfg = Release|Any CPU
		{94DD7841-CB9C-4E22-BD4E-FFD713D69831}.Debug|Any CPU.ActiveCfg = Debug|Any CPU
		{94DD7841-CB9C-4E22-BD4E-FFD713D69831}.Debug|Any CPU.Build.0 = Debug|Any CPU
		{94DD7841-CB9C-4E22-BD4E-FFD713D69831}.Debug|Mixed Platforms.ActiveCfg = Debug|Any CPU
		{94DD7841-CB9C-4E22-BD4E-FFD713D69831}.Debug|Mixed Platforms.Build.0 = Debug|Any CPU
		{94DD7841-CB9C-4E22-BD4E-FFD713D69831}.Debug|x86.ActiveCfg = Debug|Any CPU
		{94DD7841-CB9C-4E22-BD4E-FFD713D69831}.Debug|Xbox 360.ActiveCfg = Debug|Any CPU
		{94DD7841-CB9C-4E22-BD4E-FFD713D69831}.Release|Any CPU.ActiveCfg = Release|Any CPU
		{94DD7841-CB9C-4E22-BD4E-FFD713D69831}.Release|Any CPU.Build.0 = Release|Any CPU
		{94DD7841-CB9C-4E22-BD4E-FFD713D69831}.Release|Mixed Platforms.ActiveCfg = Release|Any CPU
		{94DD7841-CB9C-4E22-BD4E-FFD713D69831}.Release|Mixed Platforms.Build.0 = Release|Any CPU
		{94DD7841-CB9C-4E22-BD4E-FFD713D69831}.Release|x86.ActiveCfg = Release|Any CPU
		{94DD7841-CB9C-4E22-BD4E-FFD713D69831}.Release|Xbox 360.ActiveCfg = Release|Any CPU
		{98C5CE56-895F-43B8-8AC4-4CE7FEEED315}.Debug|Any CPU.ActiveCfg = Debug|Any CPU
		{98C5CE56-895F-43B8-8AC4-4CE7FEEED315}.Debug|Any CPU.Build.0 = Debug|Any CPU
		{98C5CE56-895F-43B8-8AC4-4CE7FEEED315}.Debug|Mixed Platforms.ActiveCfg = Debug|Any CPU
		{98C5CE56-895F-43B8-8AC4-4CE7FEEED315}.Debug|Mixed Platforms.Build.0 = Debug|Any CPU
		{98C5CE56-895F-43B8-8AC4-4CE7FEEED315}.Debug|x86.ActiveCfg = Debug|Any CPU
		{98C5CE56-895F-43B8-8AC4-4CE7FEEED315}.Debug|Xbox 360.ActiveCfg = Debug|Any CPU
		{98C5CE56-895F-43B8-8AC4-4CE7FEEED315}.Release|Any CPU.ActiveCfg = Release|Any CPU
		{98C5CE56-895F-43B8-8AC4-4CE7FEEED315}.Release|Any CPU.Build.0 = Release|Any CPU
		{98C5CE56-895F-43B8-8AC4-4CE7FEEED315}.Release|Mixed Platforms.ActiveCfg = Release|Any CPU
		{98C5CE56-895F-43B8-8AC4-4CE7FEEED315}.Release|Mixed Platforms.Build.0 = Release|Any CPU
		{98C5CE56-895F-43B8-8AC4-4CE7FEEED315}.Release|x86.ActiveCfg = Release|Any CPU
		{98C5CE56-895F-43B8-8AC4-4CE7FEEED315}.Release|Xbox 360.ActiveCfg = Release|Any CPU
		{EE96A325-A6C4-4372-B635-15F60A3636C8}.Debug|Any CPU.ActiveCfg = Debug|Any CPU
		{EE96A325-A6C4-4372-B635-15F60A3636C8}.Debug|Any CPU.Build.0 = Debug|Any CPU
		{EE96A325-A6C4-4372-B635-15F60A3636C8}.Debug|Mixed Platforms.ActiveCfg = Debug|Any CPU
		{EE96A325-A6C4-4372-B635-15F60A3636C8}.Debug|Mixed Platforms.Build.0 = Debug|Any CPU
		{EE96A325-A6C4-4372-B635-15F60A3636C8}.Debug|x86.ActiveCfg = Debug|Any CPU
		{EE96A325-A6C4-4372-B635-15F60A3636C8}.Debug|Xbox 360.ActiveCfg = Debug|Any CPU
		{EE96A325-A6C4-4372-B635-15F60A3636C8}.Release|Any CPU.ActiveCfg = Release|Any CPU
		{EE96A325-A6C4-4372-B635-15F60A3636C8}.Release|Any CPU.Build.0 = Release|Any CPU
		{EE96A325-A6C4-4372-B635-15F60A3636C8}.Release|Mixed Platforms.ActiveCfg = Release|Any CPU
		{EE96A325-A6C4-4372-B635-15F60A3636C8}.Release|Mixed Platforms.Build.0 = Release|Any CPU
		{EE96A325-A6C4-4372-B635-15F60A3636C8}.Release|x86.ActiveCfg = Release|Any CPU
		{EE96A325-A6C4-4372-B635-15F60A3636C8}.Release|Xbox 360.ActiveCfg = Release|Any CPU
		{49AC1CCD-1DDE-4A77-A71D-D9B056D908A5}.Debug|Any CPU.ActiveCfg = Debug|Any CPU
		{49AC1CCD-1DDE-4A77-A71D-D9B056D908A5}.Debug|Any CPU.Build.0 = Debug|Any CPU
		{49AC1CCD-1DDE-4A77-A71D-D9B056D908A5}.Debug|Mixed Platforms.ActiveCfg = Debug|Any CPU
		{49AC1CCD-1DDE-4A77-A71D-D9B056D908A5}.Debug|Mixed Platforms.Build.0 = Debug|Any CPU
		{49AC1CCD-1DDE-4A77-A71D-D9B056D908A5}.Debug|x86.ActiveCfg = Debug|Any CPU
		{49AC1CCD-1DDE-4A77-A71D-D9B056D908A5}.Debug|Xbox 360.ActiveCfg = Debug|Any CPU
		{49AC1CCD-1DDE-4A77-A71D-D9B056D908A5}.Release|Any CPU.ActiveCfg = Release|Any CPU
		{49AC1CCD-1DDE-4A77-A71D-D9B056D908A5}.Release|Any CPU.Build.0 = Release|Any CPU
		{49AC1CCD-1DDE-4A77-A71D-D9B056D908A5}.Release|Mixed Platforms.ActiveCfg = Release|Any CPU
		{49AC1CCD-1DDE-4A77-A71D-D9B056D908A5}.Release|Mixed Platforms.Build.0 = Release|Any CPU
		{49AC1CCD-1DDE-4A77-A71D-D9B056D908A5}.Release|x86.ActiveCfg = Release|Any CPU
		{49AC1CCD-1DDE-4A77-A71D-D9B056D908A5}.Release|Xbox 360.ActiveCfg = Release|Any CPU
		{CA228B5E-4172-4828-8A68-6BC06BBA9D1F}.Debug|Any CPU.ActiveCfg = Debug|Any CPU
		{CA228B5E-4172-4828-8A68-6BC06BBA9D1F}.Debug|Any CPU.Build.0 = Debug|Any CPU
		{CA228B5E-4172-4828-8A68-6BC06BBA9D1F}.Debug|Mixed Platforms.ActiveCfg = Debug|Any CPU
		{CA228B5E-4172-4828-8A68-6BC06BBA9D1F}.Debug|Mixed Platforms.Build.0 = Debug|Any CPU
		{CA228B5E-4172-4828-8A68-6BC06BBA9D1F}.Debug|x86.ActiveCfg = Debug|Any CPU
		{CA228B5E-4172-4828-8A68-6BC06BBA9D1F}.Debug|Xbox 360.ActiveCfg = Debug|Any CPU
		{CA228B5E-4172-4828-8A68-6BC06BBA9D1F}.Release|Any CPU.ActiveCfg = Release|Any CPU
		{CA228B5E-4172-4828-8A68-6BC06BBA9D1F}.Release|Any CPU.Build.0 = Release|Any CPU
		{CA228B5E-4172-4828-8A68-6BC06BBA9D1F}.Release|Mixed Platforms.ActiveCfg = Release|Any CPU
		{CA228B5E-4172-4828-8A68-6BC06BBA9D1F}.Release|Mixed Platforms.Build.0 = Release|Any CPU
		{CA228B5E-4172-4828-8A68-6BC06BBA9D1F}.Release|x86.ActiveCfg = Release|Any CPU
		{CA228B5E-4172-4828-8A68-6BC06BBA9D1F}.Release|Xbox 360.ActiveCfg = Release|Any CPU
		{CC9E0B13-ACF6-413B-B14C-ADE1DAF66836}.Debug|Any CPU.ActiveCfg = Debug|Any CPU
		{CC9E0B13-ACF6-413B-B14C-ADE1DAF66836}.Debug|Any CPU.Build.0 = Debug|Any CPU
		{CC9E0B13-ACF6-413B-B14C-ADE1DAF66836}.Debug|Mixed Platforms.ActiveCfg = Debug|Any CPU
		{CC9E0B13-ACF6-413B-B14C-ADE1DAF66836}.Debug|Mixed Platforms.Build.0 = Debug|Any CPU
		{CC9E0B13-ACF6-413B-B14C-ADE1DAF66836}.Debug|x86.ActiveCfg = Debug|Any CPU
		{CC9E0B13-ACF6-413B-B14C-ADE1DAF66836}.Debug|Xbox 360.ActiveCfg = Debug|Any CPU
		{CC9E0B13-ACF6-413B-B14C-ADE1DAF66836}.Release|Any CPU.ActiveCfg = Release|Any CPU
		{CC9E0B13-ACF6-413B-B14C-ADE1DAF66836}.Release|Any CPU.Build.0 = Release|Any CPU
		{CC9E0B13-ACF6-413B-B14C-ADE1DAF66836}.Release|Mixed Platforms.ActiveCfg = Release|Any CPU
		{CC9E0B13-ACF6-413B-B14C-ADE1DAF66836}.Release|Mixed Platforms.Build.0 = Release|Any CPU
		{CC9E0B13-ACF6-413B-B14C-ADE1DAF66836}.Release|x86.ActiveCfg = Release|Any CPU
		{CC9E0B13-ACF6-413B-B14C-ADE1DAF66836}.Release|Xbox 360.ActiveCfg = Release|Any CPU
		{E6F6B79A-DB11-4CB3-A967-96F0957874A4}.Debug|Any CPU.ActiveCfg = Debug|Any CPU
		{E6F6B79A-DB11-4CB3-A967-96F0957874A4}.Debug|Any CPU.Build.0 = Debug|Any CPU
		{E6F6B79A-DB11-4CB3-A967-96F0957874A4}.Debug|Mixed Platforms.ActiveCfg = Debug|Any CPU
		{E6F6B79A-DB11-4CB3-A967-96F0957874A4}.Debug|Mixed Platforms.Build.0 = Debug|Any CPU
		{E6F6B79A-DB11-4CB3-A967-96F0957874A4}.Debug|x86.ActiveCfg = Debug|Any CPU
		{E6F6B79A-DB11-4CB3-A967-96F0957874A4}.Debug|Xbox 360.ActiveCfg = Debug|Any CPU
		{E6F6B79A-DB11-4CB3-A967-96F0957874A4}.Release|Any CPU.ActiveCfg = Release|Any CPU
		{E6F6B79A-DB11-4CB3-A967-96F0957874A4}.Release|Any CPU.Build.0 = Release|Any CPU
		{E6F6B79A-DB11-4CB3-A967-96F0957874A4}.Release|Mixed Platforms.ActiveCfg = Release|Any CPU
		{E6F6B79A-DB11-4CB3-A967-96F0957874A4}.Release|Mixed Platforms.Build.0 = Release|Any CPU
		{E6F6B79A-DB11-4CB3-A967-96F0957874A4}.Release|x86.ActiveCfg = Release|Any CPU
		{E6F6B79A-DB11-4CB3-A967-96F0957874A4}.Release|Xbox 360.ActiveCfg = Release|Any CPU
		{336BDE79-2E18-4E1A-9D29-586979961E70}.Debug|Any CPU.ActiveCfg = Debug|Any CPU
		{336BDE79-2E18-4E1A-9D29-586979961E70}.Debug|Any CPU.Build.0 = Debug|Any CPU
		{336BDE79-2E18-4E1A-9D29-586979961E70}.Debug|Mixed Platforms.ActiveCfg = Debug|Any CPU
		{336BDE79-2E18-4E1A-9D29-586979961E70}.Debug|Mixed Platforms.Build.0 = Debug|Any CPU
		{336BDE79-2E18-4E1A-9D29-586979961E70}.Debug|x86.ActiveCfg = Debug|Any CPU
		{336BDE79-2E18-4E1A-9D29-586979961E70}.Debug|Xbox 360.ActiveCfg = Debug|Any CPU
		{336BDE79-2E18-4E1A-9D29-586979961E70}.Release|Any CPU.ActiveCfg = Release|Any CPU
		{336BDE79-2E18-4E1A-9D29-586979961E70}.Release|Any CPU.Build.0 = Release|Any CPU
		{336BDE79-2E18-4E1A-9D29-586979961E70}.Release|Mixed Platforms.ActiveCfg = Release|Any CPU
		{336BDE79-2E18-4E1A-9D29-586979961E70}.Release|Mixed Platforms.Build.0 = Release|Any CPU
		{336BDE79-2E18-4E1A-9D29-586979961E70}.Release|x86.ActiveCfg = Release|Any CPU
		{336BDE79-2E18-4E1A-9D29-586979961E70}.Release|Xbox 360.ActiveCfg = Release|Any CPU
		{59BBCDAA-765F-4829-9F53-41A8F162EF89}.Debug|Any CPU.ActiveCfg = Debug|Any CPU
		{59BBCDAA-765F-4829-9F53-41A8F162EF89}.Debug|Any CPU.Build.0 = Debug|Any CPU
		{59BBCDAA-765F-4829-9F53-41A8F162EF89}.Debug|Mixed Platforms.ActiveCfg = Debug|Any CPU
		{59BBCDAA-765F-4829-9F53-41A8F162EF89}.Debug|Mixed Platforms.Build.0 = Debug|Any CPU
		{59BBCDAA-765F-4829-9F53-41A8F162EF89}.Debug|x86.ActiveCfg = Debug|Any CPU
		{59BBCDAA-765F-4829-9F53-41A8F162EF89}.Debug|Xbox 360.ActiveCfg = Debug|Any CPU
		{59BBCDAA-765F-4829-9F53-41A8F162EF89}.Release|Any CPU.ActiveCfg = Release|Any CPU
		{59BBCDAA-765F-4829-9F53-41A8F162EF89}.Release|Any CPU.Build.0 = Release|Any CPU
		{59BBCDAA-765F-4829-9F53-41A8F162EF89}.Release|Mixed Platforms.ActiveCfg = Release|Any CPU
		{59BBCDAA-765F-4829-9F53-41A8F162EF89}.Release|Mixed Platforms.Build.0 = Release|Any CPU
		{59BBCDAA-765F-4829-9F53-41A8F162EF89}.Release|x86.ActiveCfg = Release|Any CPU
		{59BBCDAA-765F-4829-9F53-41A8F162EF89}.Release|Xbox 360.ActiveCfg = Release|Any CPU
		{A92405F1-C7C5-4CFB-9CE5-CC4EBEC750C8}.Debug|Any CPU.ActiveCfg = Debug|Any CPU
		{A92405F1-C7C5-4CFB-9CE5-CC4EBEC750C8}.Debug|Any CPU.Build.0 = Debug|Any CPU
		{A92405F1-C7C5-4CFB-9CE5-CC4EBEC750C8}.Debug|Mixed Platforms.ActiveCfg = Debug|Any CPU
		{A92405F1-C7C5-4CFB-9CE5-CC4EBEC750C8}.Debug|Mixed Platforms.Build.0 = Debug|Any CPU
		{A92405F1-C7C5-4CFB-9CE5-CC4EBEC750C8}.Debug|x86.ActiveCfg = Debug|Any CPU
		{A92405F1-C7C5-4CFB-9CE5-CC4EBEC750C8}.Debug|Xbox 360.ActiveCfg = Debug|Any CPU
		{A92405F1-C7C5-4CFB-9CE5-CC4EBEC750C8}.Release|Any CPU.ActiveCfg = Release|Any CPU
		{A92405F1-C7C5-4CFB-9CE5-CC4EBEC750C8}.Release|Any CPU.Build.0 = Release|Any CPU
		{A92405F1-C7C5-4CFB-9CE5-CC4EBEC750C8}.Release|Mixed Platforms.ActiveCfg = Release|Any CPU
		{A92405F1-C7C5-4CFB-9CE5-CC4EBEC750C8}.Release|Mixed Platforms.Build.0 = Release|Any CPU
		{A92405F1-C7C5-4CFB-9CE5-CC4EBEC750C8}.Release|x86.ActiveCfg = Release|Any CPU
		{A92405F1-C7C5-4CFB-9CE5-CC4EBEC750C8}.Release|Xbox 360.ActiveCfg = Release|Any CPU
		{41E9B3DB-35C1-4938-A3B0-B7DBD7AA3CE9}.Debug|Any CPU.ActiveCfg = Debug|x86
		{41E9B3DB-35C1-4938-A3B0-B7DBD7AA3CE9}.Debug|Mixed Platforms.ActiveCfg = Debug|x86
		{41E9B3DB-35C1-4938-A3B0-B7DBD7AA3CE9}.Debug|Mixed Platforms.Build.0 = Debug|x86
		{41E9B3DB-35C1-4938-A3B0-B7DBD7AA3CE9}.Debug|x86.ActiveCfg = Debug|x86
		{41E9B3DB-35C1-4938-A3B0-B7DBD7AA3CE9}.Debug|x86.Build.0 = Debug|x86
		{41E9B3DB-35C1-4938-A3B0-B7DBD7AA3CE9}.Debug|Xbox 360.ActiveCfg = Debug|x86
		{41E9B3DB-35C1-4938-A3B0-B7DBD7AA3CE9}.Release|Any CPU.ActiveCfg = Release|x86
		{41E9B3DB-35C1-4938-A3B0-B7DBD7AA3CE9}.Release|Mixed Platforms.ActiveCfg = Release|x86
		{41E9B3DB-35C1-4938-A3B0-B7DBD7AA3CE9}.Release|Mixed Platforms.Build.0 = Release|x86
		{41E9B3DB-35C1-4938-A3B0-B7DBD7AA3CE9}.Release|x86.ActiveCfg = Release|x86
		{41E9B3DB-35C1-4938-A3B0-B7DBD7AA3CE9}.Release|x86.Build.0 = Release|x86
		{41E9B3DB-35C1-4938-A3B0-B7DBD7AA3CE9}.Release|Xbox 360.ActiveCfg = Release|x86
		{A1AA1526-DA15-47D7-99F5-3D13528669EA}.Debug|Any CPU.ActiveCfg = Debug|Any CPU
		{A1AA1526-DA15-47D7-99F5-3D13528669EA}.Debug|Any CPU.Build.0 = Debug|Any CPU
		{A1AA1526-DA15-47D7-99F5-3D13528669EA}.Debug|Mixed Platforms.ActiveCfg = Debug|Any CPU
		{A1AA1526-DA15-47D7-99F5-3D13528669EA}.Debug|Mixed Platforms.Build.0 = Debug|Any CPU
		{A1AA1526-DA15-47D7-99F5-3D13528669EA}.Debug|x86.ActiveCfg = Debug|Any CPU
		{A1AA1526-DA15-47D7-99F5-3D13528669EA}.Debug|Xbox 360.ActiveCfg = Debug|Any CPU
		{A1AA1526-DA15-47D7-99F5-3D13528669EA}.Release|Any CPU.ActiveCfg = Release|Any CPU
		{A1AA1526-DA15-47D7-99F5-3D13528669EA}.Release|Any CPU.Build.0 = Release|Any CPU
		{A1AA1526-DA15-47D7-99F5-3D13528669EA}.Release|Mixed Platforms.ActiveCfg = Release|Any CPU
		{A1AA1526-DA15-47D7-99F5-3D13528669EA}.Release|Mixed Platforms.Build.0 = Release|Any CPU
		{A1AA1526-DA15-47D7-99F5-3D13528669EA}.Release|x86.ActiveCfg = Release|Any CPU
		{A1AA1526-DA15-47D7-99F5-3D13528669EA}.Release|Xbox 360.ActiveCfg = Release|Any CPU
		{D5CC6A29-0C9D-4DAC-A4A9-E64E97C6F606}.Debug|Any CPU.ActiveCfg = Debug|Any CPU
		{D5CC6A29-0C9D-4DAC-A4A9-E64E97C6F606}.Debug|Any CPU.Build.0 = Debug|Any CPU
		{D5CC6A29-0C9D-4DAC-A4A9-E64E97C6F606}.Debug|Mixed Platforms.ActiveCfg = Debug|Any CPU
		{D5CC6A29-0C9D-4DAC-A4A9-E64E97C6F606}.Debug|Mixed Platforms.Build.0 = Debug|Any CPU
		{D5CC6A29-0C9D-4DAC-A4A9-E64E97C6F606}.Debug|x86.ActiveCfg = Debug|Any CPU
		{D5CC6A29-0C9D-4DAC-A4A9-E64E97C6F606}.Debug|Xbox 360.ActiveCfg = Debug|Any CPU
		{D5CC6A29-0C9D-4DAC-A4A9-E64E97C6F606}.Release|Any CPU.ActiveCfg = Release|Any CPU
		{D5CC6A29-0C9D-4DAC-A4A9-E64E97C6F606}.Release|Any CPU.Build.0 = Release|Any CPU
		{D5CC6A29-0C9D-4DAC-A4A9-E64E97C6F606}.Release|Mixed Platforms.ActiveCfg = Release|Any CPU
		{D5CC6A29-0C9D-4DAC-A4A9-E64E97C6F606}.Release|Mixed Platforms.Build.0 = Release|Any CPU
		{D5CC6A29-0C9D-4DAC-A4A9-E64E97C6F606}.Release|x86.ActiveCfg = Release|Any CPU
		{D5CC6A29-0C9D-4DAC-A4A9-E64E97C6F606}.Release|Xbox 360.ActiveCfg = Release|Any CPU
		{3729816B-F441-414E-B305-CBEE446857E8}.Debug|Any CPU.ActiveCfg = Debug|Any CPU
		{3729816B-F441-414E-B305-CBEE446857E8}.Debug|Any CPU.Build.0 = Debug|Any CPU
		{3729816B-F441-414E-B305-CBEE446857E8}.Debug|Mixed Platforms.ActiveCfg = Debug|Any CPU
		{3729816B-F441-414E-B305-CBEE446857E8}.Debug|Mixed Platforms.Build.0 = Debug|Any CPU
		{3729816B-F441-414E-B305-CBEE446857E8}.Debug|x86.ActiveCfg = Debug|Any CPU
		{3729816B-F441-414E-B305-CBEE446857E8}.Debug|Xbox 360.ActiveCfg = Debug|Any CPU
		{3729816B-F441-414E-B305-CBEE446857E8}.Release|Any CPU.ActiveCfg = Release|Any CPU
		{3729816B-F441-414E-B305-CBEE446857E8}.Release|Any CPU.Build.0 = Release|Any CPU
		{3729816B-F441-414E-B305-CBEE446857E8}.Release|Mixed Platforms.ActiveCfg = Release|Any CPU
		{3729816B-F441-414E-B305-CBEE446857E8}.Release|Mixed Platforms.Build.0 = Release|Any CPU
		{3729816B-F441-414E-B305-CBEE446857E8}.Release|x86.ActiveCfg = Release|Any CPU
		{3729816B-F441-414E-B305-CBEE446857E8}.Release|Xbox 360.ActiveCfg = Release|Any CPU
		{719C0C2F-8F49-4CA7-9E6A-7D3A81BD09A4}.Debug|Any CPU.ActiveCfg = Debug|Any CPU
		{719C0C2F-8F49-4CA7-9E6A-7D3A81BD09A4}.Debug|Any CPU.Build.0 = Debug|Any CPU
		{719C0C2F-8F49-4CA7-9E6A-7D3A81BD09A4}.Debug|Mixed Platforms.ActiveCfg = Debug|Any CPU
		{719C0C2F-8F49-4CA7-9E6A-7D3A81BD09A4}.Debug|Mixed Platforms.Build.0 = Debug|Any CPU
		{719C0C2F-8F49-4CA7-9E6A-7D3A81BD09A4}.Debug|x86.ActiveCfg = Debug|Any CPU
		{719C0C2F-8F49-4CA7-9E6A-7D3A81BD09A4}.Debug|Xbox 360.ActiveCfg = Debug|Any CPU
		{719C0C2F-8F49-4CA7-9E6A-7D3A81BD09A4}.Release|Any CPU.ActiveCfg = Release|Any CPU
		{719C0C2F-8F49-4CA7-9E6A-7D3A81BD09A4}.Release|Any CPU.Build.0 = Release|Any CPU
		{719C0C2F-8F49-4CA7-9E6A-7D3A81BD09A4}.Release|Mixed Platforms.ActiveCfg = Release|Any CPU
		{719C0C2F-8F49-4CA7-9E6A-7D3A81BD09A4}.Release|Mixed Platforms.Build.0 = Release|Any CPU
		{719C0C2F-8F49-4CA7-9E6A-7D3A81BD09A4}.Release|x86.ActiveCfg = Release|Any CPU
		{719C0C2F-8F49-4CA7-9E6A-7D3A81BD09A4}.Release|Xbox 360.ActiveCfg = Release|Any CPU
		{6755930A-8849-44CE-94E6-F2C1F41028ED}.Debug|Any CPU.ActiveCfg = Debug|Any CPU
		{6755930A-8849-44CE-94E6-F2C1F41028ED}.Debug|Any CPU.Build.0 = Debug|Any CPU
		{6755930A-8849-44CE-94E6-F2C1F41028ED}.Debug|Mixed Platforms.ActiveCfg = Debug|Any CPU
		{6755930A-8849-44CE-94E6-F2C1F41028ED}.Debug|Mixed Platforms.Build.0 = Debug|Any CPU
		{6755930A-8849-44CE-94E6-F2C1F41028ED}.Debug|x86.ActiveCfg = Debug|Any CPU
		{6755930A-8849-44CE-94E6-F2C1F41028ED}.Debug|Xbox 360.ActiveCfg = Debug|Any CPU
		{6755930A-8849-44CE-94E6-F2C1F41028ED}.Release|Any CPU.ActiveCfg = Release|Any CPU
		{6755930A-8849-44CE-94E6-F2C1F41028ED}.Release|Any CPU.Build.0 = Release|Any CPU
		{6755930A-8849-44CE-94E6-F2C1F41028ED}.Release|Mixed Platforms.ActiveCfg = Release|Any CPU
		{6755930A-8849-44CE-94E6-F2C1F41028ED}.Release|Mixed Platforms.Build.0 = Release|Any CPU
		{6755930A-8849-44CE-94E6-F2C1F41028ED}.Release|x86.ActiveCfg = Release|Any CPU
		{6755930A-8849-44CE-94E6-F2C1F41028ED}.Release|Xbox 360.ActiveCfg = Release|Any CPU
		{823A2833-7EE1-41FB-8385-C6F078EEC80E}.Debug|Any CPU.ActiveCfg = Debug|Any CPU
		{823A2833-7EE1-41FB-8385-C6F078EEC80E}.Debug|Any CPU.Build.0 = Debug|Any CPU
		{823A2833-7EE1-41FB-8385-C6F078EEC80E}.Debug|Mixed Platforms.ActiveCfg = Debug|Any CPU
		{823A2833-7EE1-41FB-8385-C6F078EEC80E}.Debug|Mixed Platforms.Build.0 = Debug|Any CPU
		{823A2833-7EE1-41FB-8385-C6F078EEC80E}.Debug|x86.ActiveCfg = Debug|Any CPU
		{823A2833-7EE1-41FB-8385-C6F078EEC80E}.Debug|Xbox 360.ActiveCfg = Debug|Any CPU
		{823A2833-7EE1-41FB-8385-C6F078EEC80E}.Release|Any CPU.ActiveCfg = Release|Any CPU
		{823A2833-7EE1-41FB-8385-C6F078EEC80E}.Release|Any CPU.Build.0 = Release|Any CPU
		{823A2833-7EE1-41FB-8385-C6F078EEC80E}.Release|Mixed Platforms.ActiveCfg = Release|Any CPU
		{823A2833-7EE1-41FB-8385-C6F078EEC80E}.Release|Mixed Platforms.Build.0 = Release|Any CPU
		{823A2833-7EE1-41FB-8385-C6F078EEC80E}.Release|x86.ActiveCfg = Release|Any CPU
		{823A2833-7EE1-41FB-8385-C6F078EEC80E}.Release|Xbox 360.ActiveCfg = Release|Any CPU
		{413DB9E9-547A-4904-B3E5-2057B3F3DC65}.Debug|Any CPU.ActiveCfg = Debug|Any CPU
		{413DB9E9-547A-4904-B3E5-2057B3F3DC65}.Debug|Any CPU.Build.0 = Debug|Any CPU
		{413DB9E9-547A-4904-B3E5-2057B3F3DC65}.Debug|Mixed Platforms.ActiveCfg = Debug|Any CPU
		{413DB9E9-547A-4904-B3E5-2057B3F3DC65}.Debug|Mixed Platforms.Build.0 = Debug|Any CPU
		{413DB9E9-547A-4904-B3E5-2057B3F3DC65}.Debug|x86.ActiveCfg = Debug|Any CPU
		{413DB9E9-547A-4904-B3E5-2057B3F3DC65}.Debug|Xbox 360.ActiveCfg = Debug|Any CPU
		{413DB9E9-547A-4904-B3E5-2057B3F3DC65}.Release|Any CPU.ActiveCfg = Release|Any CPU
		{413DB9E9-547A-4904-B3E5-2057B3F3DC65}.Release|Any CPU.Build.0 = Release|Any CPU
		{413DB9E9-547A-4904-B3E5-2057B3F3DC65}.Release|Mixed Platforms.ActiveCfg = Release|Any CPU
		{413DB9E9-547A-4904-B3E5-2057B3F3DC65}.Release|Mixed Platforms.Build.0 = Release|Any CPU
		{413DB9E9-547A-4904-B3E5-2057B3F3DC65}.Release|x86.ActiveCfg = Release|Any CPU
		{413DB9E9-547A-4904-B3E5-2057B3F3DC65}.Release|Xbox 360.ActiveCfg = Release|Any CPU
		{A5D3524B-5160-42E1-8EB3-C7A99975C9FE}.Debug|Any CPU.ActiveCfg = Debug|Any CPU
		{A5D3524B-5160-42E1-8EB3-C7A99975C9FE}.Debug|Any CPU.Build.0 = Debug|Any CPU
		{A5D3524B-5160-42E1-8EB3-C7A99975C9FE}.Debug|Mixed Platforms.ActiveCfg = Debug|Any CPU
		{A5D3524B-5160-42E1-8EB3-C7A99975C9FE}.Debug|Mixed Platforms.Build.0 = Debug|Any CPU
		{A5D3524B-5160-42E1-8EB3-C7A99975C9FE}.Debug|x86.ActiveCfg = Debug|Any CPU
		{A5D3524B-5160-42E1-8EB3-C7A99975C9FE}.Debug|Xbox 360.ActiveCfg = Debug|Any CPU
		{A5D3524B-5160-42E1-8EB3-C7A99975C9FE}.Release|Any CPU.ActiveCfg = Release|Any CPU
		{A5D3524B-5160-42E1-8EB3-C7A99975C9FE}.Release|Any CPU.Build.0 = Release|Any CPU
		{A5D3524B-5160-42E1-8EB3-C7A99975C9FE}.Release|Mixed Platforms.ActiveCfg = Release|Any CPU
		{A5D3524B-5160-42E1-8EB3-C7A99975C9FE}.Release|Mixed Platforms.Build.0 = Release|Any CPU
		{A5D3524B-5160-42E1-8EB3-C7A99975C9FE}.Release|x86.ActiveCfg = Release|Any CPU
		{A5D3524B-5160-42E1-8EB3-C7A99975C9FE}.Release|Xbox 360.ActiveCfg = Release|Any CPU
		{0D677251-7799-48F5-8D46-4FBDE7BFFA84}.Debug|Any CPU.ActiveCfg = Debug|Any CPU
		{0D677251-7799-48F5-8D46-4FBDE7BFFA84}.Debug|Any CPU.Build.0 = Debug|Any CPU
		{0D677251-7799-48F5-8D46-4FBDE7BFFA84}.Debug|Mixed Platforms.ActiveCfg = Debug|Any CPU
		{0D677251-7799-48F5-8D46-4FBDE7BFFA84}.Debug|Mixed Platforms.Build.0 = Debug|Any CPU
		{0D677251-7799-48F5-8D46-4FBDE7BFFA84}.Debug|x86.ActiveCfg = Debug|Any CPU
		{0D677251-7799-48F5-8D46-4FBDE7BFFA84}.Debug|Xbox 360.ActiveCfg = Debug|Any CPU
		{0D677251-7799-48F5-8D46-4FBDE7BFFA84}.Release|Any CPU.ActiveCfg = Release|Any CPU
		{0D677251-7799-48F5-8D46-4FBDE7BFFA84}.Release|Any CPU.Build.0 = Release|Any CPU
		{0D677251-7799-48F5-8D46-4FBDE7BFFA84}.Release|Mixed Platforms.ActiveCfg = Release|Any CPU
		{0D677251-7799-48F5-8D46-4FBDE7BFFA84}.Release|Mixed Platforms.Build.0 = Release|Any CPU
		{0D677251-7799-48F5-8D46-4FBDE7BFFA84}.Release|x86.ActiveCfg = Release|Any CPU
		{0D677251-7799-48F5-8D46-4FBDE7BFFA84}.Release|Xbox 360.ActiveCfg = Release|Any CPU
		{A3132AC9-42B2-4F39-B20B-4F17E3DBAA77}.Debug|Any CPU.ActiveCfg = Debug|Any CPU
		{A3132AC9-42B2-4F39-B20B-4F17E3DBAA77}.Debug|Any CPU.Build.0 = Debug|Any CPU
		{A3132AC9-42B2-4F39-B20B-4F17E3DBAA77}.Debug|Mixed Platforms.ActiveCfg = Debug|Any CPU
		{A3132AC9-42B2-4F39-B20B-4F17E3DBAA77}.Debug|Mixed Platforms.Build.0 = Debug|Any CPU
		{A3132AC9-42B2-4F39-B20B-4F17E3DBAA77}.Debug|x86.ActiveCfg = Debug|Any CPU
		{A3132AC9-42B2-4F39-B20B-4F17E3DBAA77}.Debug|Xbox 360.ActiveCfg = Debug|Any CPU
		{A3132AC9-42B2-4F39-B20B-4F17E3DBAA77}.Release|Any CPU.ActiveCfg = Release|Any CPU
		{A3132AC9-42B2-4F39-B20B-4F17E3DBAA77}.Release|Any CPU.Build.0 = Release|Any CPU
		{A3132AC9-42B2-4F39-B20B-4F17E3DBAA77}.Release|Mixed Platforms.ActiveCfg = Release|Any CPU
		{A3132AC9-42B2-4F39-B20B-4F17E3DBAA77}.Release|Mixed Platforms.Build.0 = Release|Any CPU
		{A3132AC9-42B2-4F39-B20B-4F17E3DBAA77}.Release|x86.ActiveCfg = Release|Any CPU
		{A3132AC9-42B2-4F39-B20B-4F17E3DBAA77}.Release|Xbox 360.ActiveCfg = Release|Any CPU
		{634E337B-412F-42DD-A900-A9C99CED2E27}.Debug|Any CPU.ActiveCfg = Debug|Any CPU
		{634E337B-412F-42DD-A900-A9C99CED2E27}.Debug|Any CPU.Build.0 = Debug|Any CPU
		{634E337B-412F-42DD-A900-A9C99CED2E27}.Debug|Mixed Platforms.ActiveCfg = Debug|Any CPU
		{634E337B-412F-42DD-A900-A9C99CED2E27}.Debug|Mixed Platforms.Build.0 = Debug|Any CPU
		{634E337B-412F-42DD-A900-A9C99CED2E27}.Debug|x86.ActiveCfg = Debug|Any CPU
		{634E337B-412F-42DD-A900-A9C99CED2E27}.Debug|Xbox 360.ActiveCfg = Debug|Any CPU
		{634E337B-412F-42DD-A900-A9C99CED2E27}.Release|Any CPU.ActiveCfg = Release|Any CPU
		{634E337B-412F-42DD-A900-A9C99CED2E27}.Release|Any CPU.Build.0 = Release|Any CPU
		{634E337B-412F-42DD-A900-A9C99CED2E27}.Release|Mixed Platforms.ActiveCfg = Release|Any CPU
		{634E337B-412F-42DD-A900-A9C99CED2E27}.Release|Mixed Platforms.Build.0 = Release|Any CPU
		{634E337B-412F-42DD-A900-A9C99CED2E27}.Release|x86.ActiveCfg = Release|Any CPU
		{634E337B-412F-42DD-A900-A9C99CED2E27}.Release|Xbox 360.ActiveCfg = Release|Any CPU
	EndGlobalSection
	GlobalSection(SolutionProperties) = preSolution
		HideSolutionNode = FALSE
	EndGlobalSection
	GlobalSection(NestedProjects) = preSolution
		{EB25DD64-E98C-4C49-B47E-312C3A48E731} = {720E8958-2E54-4686-BB42-250F452BEA76}
		{40264B24-8704-44CF-A02E-B5FB1998F94D} = {720E8958-2E54-4686-BB42-250F452BEA76}
		{BE40A20F-C5BC-437E-A2AC-DC36969F04CB} = {720E8958-2E54-4686-BB42-250F452BEA76}
		{59BBCDAA-765F-4829-9F53-41A8F162EF89} = {720E8958-2E54-4686-BB42-250F452BEA76}
		{A1AA1526-DA15-47D7-99F5-3D13528669EA} = {720E8958-2E54-4686-BB42-250F452BEA76}
		{1F0BBD06-A1F5-4B4C-9042-CA77EACD29B5} = {17F0B481-4B9F-4B78-AB63-BB047B34528C}
		{34893445-8839-4D8D-944B-C0013AA93AB7} = {17F0B481-4B9F-4B78-AB63-BB047B34528C}
		{84C41563-4AA6-4F4D-92D2-D5D4317A26E0} = {17F0B481-4B9F-4B78-AB63-BB047B34528C}
		{EB835DB4-EBF4-4B4A-976F-0AE746C6AA6B} = {17F0B481-4B9F-4B78-AB63-BB047B34528C}
		{F84DAE69-327C-4509-B39A-F2BFB36CADA3} = {17F0B481-4B9F-4B78-AB63-BB047B34528C}
		{548AE6F0-5D6C-4053-809C-2E3A974C6D55} = {9187438F-9672-43A7-830A-6A537C296DD3}
		{6F94CE46-3631-4F1E-A878-125F0A8CA98E} = {9187438F-9672-43A7-830A-6A537C296DD3}
		{3BC4EE53-CD83-46AF-8E51-D50ACAA9C97C} = {9187438F-9672-43A7-830A-6A537C296DD3}
		{11724993-5C7B-487B-82FB-B1B2E7128A98} = {A434B7E5-9030-4BF6-812A-AAC0D4EDAD9D}
		{05DC9D27-01C3-4F7A-AD54-5A2DADE35E1F} = {A434B7E5-9030-4BF6-812A-AAC0D4EDAD9D}
		{45285255-D5B4-483C-8CF7-75F5E59E496A} = {A434B7E5-9030-4BF6-812A-AAC0D4EDAD9D}
		{19E2AB0E-F534-4FA9-9F6C-38B39ABDDB39} = {A434B7E5-9030-4BF6-812A-AAC0D4EDAD9D}
		{0B98785A-99B4-40D1-B2AB-25BD75D59366} = {AF887971-E0A0-498C-8299-B5F95C15621E}
		{DB137D11-F75A-405D-8440-98A3874EF0A8} = {AF887971-E0A0-498C-8299-B5F95C15621E}
		{5673A046-0908-413B-9147-0E8C11AE2804} = {98D7A2A9-FDF6-4E17-85FC-C06BFABE4A59}
		{42AF9078-819A-4497-835E-3D09DB2713DA} = {98D7A2A9-FDF6-4E17-85FC-C06BFABE4A59}
		{54234C45-717F-489A-8F0D-1CEB6D82A4AA} = {98D7A2A9-FDF6-4E17-85FC-C06BFABE4A59}
		{34B1EF92-732F-43A0-AA07-9A2482907CA4} = {98D7A2A9-FDF6-4E17-85FC-C06BFABE4A59}
		{1BF1186A-6CB4-4100-AD06-A8FA1462CF86} = {5673A046-0908-413B-9147-0E8C11AE2804}
		{FA162A67-6140-4489-806A-FB75053EE6C5} = {5673A046-0908-413B-9147-0E8C11AE2804}
		{7705A363-5D11-4E57-A951-A571AE1EA431} = {6DF0DE60-1859-45A2-AE35-9E2A9350AE9E}
		{E6F6B79A-DB11-4CB3-A967-96F0957874A4} = {6DF0DE60-1859-45A2-AE35-9E2A9350AE9E}
		{4D994C1C-94C0-4BAF-827D-E0902FFE8848} = {42AF9078-819A-4497-835E-3D09DB2713DA}
		{6BB3AC16-F381-436F-8F2E-DE82201CF8FA} = {42AF9078-819A-4497-835E-3D09DB2713DA}
		{B76D6647-7460-4514-8F90-E7A00C9A8338} = {42AF9078-819A-4497-835E-3D09DB2713DA}
		{336BDE79-2E18-4E1A-9D29-586979961E70} = {42AF9078-819A-4497-835E-3D09DB2713DA}
		{D3E34226-A255-4954-A5D3-BED2370C4535} = {42AF9078-819A-4497-835E-3D09DB2713DA}
		{823A2833-7EE1-41FB-8385-C6F078EEC80E} = {42AF9078-819A-4497-835E-3D09DB2713DA}
		{413DB9E9-547A-4904-B3E5-2057B3F3DC65} = {42AF9078-819A-4497-835E-3D09DB2713DA}
		{A5D3524B-5160-42E1-8EB3-C7A99975C9FE} = {42AF9078-819A-4497-835E-3D09DB2713DA}
		{0D677251-7799-48F5-8D46-4FBDE7BFFA84} = {42AF9078-819A-4497-835E-3D09DB2713DA}
		{634E337B-412F-42DD-A900-A9C99CED2E27} = {42AF9078-819A-4497-835E-3D09DB2713DA}
		{8A783945-F28B-45B0-89AC-CD2BB9DFD029} = {54234C45-717F-489A-8F0D-1CEB6D82A4AA}
		{A92405F1-C7C5-4CFB-9CE5-CC4EBEC750C8} = {54234C45-717F-489A-8F0D-1CEB6D82A4AA}
		{6FFBEB1A-ECC3-4781-B5E6-98E44086BBF0} = {54234C45-717F-489A-8F0D-1CEB6D82A4AA}
		{719C0C2F-8F49-4CA7-9E6A-7D3A81BD09A4} = {54234C45-717F-489A-8F0D-1CEB6D82A4AA}
		{6755930A-8849-44CE-94E6-F2C1F41028ED} = {54234C45-717F-489A-8F0D-1CEB6D82A4AA}
		{D9010645-AC24-40F2-8C6C-8380B8A4448D} = {61FF163E-2759-4B1D-AD97-D9F6F1AA992F}
		{8727347E-1400-4AC7-85F1-EE0015876E27} = {61FF163E-2759-4B1D-AD97-D9F6F1AA992F}
		{C73DD58C-2250-4F28-8632-4F5B06061B50} = {61FF163E-2759-4B1D-AD97-D9F6F1AA992F}
		{D4F5BABD-FA32-40B5-B8D0-699FA22F28D3} = {61FF163E-2759-4B1D-AD97-D9F6F1AA992F}
		{7BD3941C-51A5-4776-8BAB-48499E38C621} = {D9010645-AC24-40F2-8C6C-8380B8A4448D}
		{337ADA93-0ECE-4983-9433-FCB142C3CBDA} = {D9010645-AC24-40F2-8C6C-8380B8A4448D}
		{14BE01EE-9981-4DB3-B3E2-04F4E7E23403} = {D9010645-AC24-40F2-8C6C-8380B8A4448D}
		{51ED886B-2D94-4936-9227-CE67D70F9206} = {D9010645-AC24-40F2-8C6C-8380B8A4448D}
		{94DD7841-CB9C-4E22-BD4E-FFD713D69831} = {D9010645-AC24-40F2-8C6C-8380B8A4448D}
		{98C5CE56-895F-43B8-8AC4-4CE7FEEED315} = {D9010645-AC24-40F2-8C6C-8380B8A4448D}
		{C8BDC4F8-19C4-4AD4-90D2-DAAEE32768B3} = {D9010645-AC24-40F2-8C6C-8380B8A4448D}
		{49AC1CCD-1DDE-4A77-A71D-D9B056D908A5} = {8727347E-1400-4AC7-85F1-EE0015876E27}
		{EE96A325-A6C4-4372-B635-15F60A3636C8} = {8727347E-1400-4AC7-85F1-EE0015876E27}
		{CA228B5E-4172-4828-8A68-6BC06BBA9D1F} = {C73DD58C-2250-4F28-8632-4F5B06061B50}
		{41E9B3DB-35C1-4938-A3B0-B7DBD7AA3CE9} = {34B1EF92-732F-43A0-AA07-9A2482907CA4}
		{CC9E0B13-ACF6-413B-B14C-ADE1DAF66836} = {34B1EF92-732F-43A0-AA07-9A2482907CA4}
		{D5CC6A29-0C9D-4DAC-A4A9-E64E97C6F606} = {34B1EF92-732F-43A0-AA07-9A2482907CA4}
		{3729816B-F441-414E-B305-CBEE446857E8} = {34B1EF92-732F-43A0-AA07-9A2482907CA4}
		{A3132AC9-42B2-4F39-B20B-4F17E3DBAA77} = {D4F5BABD-FA32-40B5-B8D0-699FA22F28D3}
	EndGlobalSection
EndGlobal
